// !$*UTF8*$!
{
	archiveVersion = 1;
	classes = {
	};
	objectVersion = 50;
	objects = {

/* Begin PBXBuildFile section */
		1C047A35216FBEDA005683AE /* Recipe.storyboard in Resources */ = {isa = PBXBuildFile; fileRef = 1C047A34216FBEDA005683AE /* Recipe.storyboard */; };
		1C047A37216FC723005683AE /* RecipeVC.swift in Sources */ = {isa = PBXBuildFile; fileRef = 1C047A36216FC723005683AE /* RecipeVC.swift */; };
		1C047A3B216FEBB2005683AE /* ComparePantry.storyboard in Resources */ = {isa = PBXBuildFile; fileRef = 1C047A3A216FEBB2005683AE /* ComparePantry.storyboard */; };
		1C047A3D216FF0C3005683AE /* ComparePantryVC.swift in Sources */ = {isa = PBXBuildFile; fileRef = 1C047A3C216FF0C3005683AE /* ComparePantryVC.swift */; };
		1C047A3F216FF272005683AE /* ComparePantryTableVC.swift in Sources */ = {isa = PBXBuildFile; fileRef = 1C047A3E216FF272005683AE /* ComparePantryTableVC.swift */; };
		1C047A4321702D18005683AE /* SearchVC.swift in Sources */ = {isa = PBXBuildFile; fileRef = 1C047A4221702D18005683AE /* SearchVC.swift */; };
		1C047A4521702EA9005683AE /* SearchCollectionViewCell.swift in Sources */ = {isa = PBXBuildFile; fileRef = 1C047A4421702EA9005683AE /* SearchCollectionViewCell.swift */; };
		1C32EA662177C9FE005226D9 /* Journal.storyboard in Resources */ = {isa = PBXBuildFile; fileRef = 1C32EA652177C9FE005226D9 /* Journal.storyboard */; };
		1C32EA682177CB8D005226D9 /* JournalVC.swift in Sources */ = {isa = PBXBuildFile; fileRef = 1C32EA672177CB8D005226D9 /* JournalVC.swift */; };
		1C32EA6A2177CDBC005226D9 /* CreateJournalEntry.storyboard in Resources */ = {isa = PBXBuildFile; fileRef = 1C32EA692177CDBC005226D9 /* CreateJournalEntry.storyboard */; };
		1C32EA6C2177D0B8005226D9 /* JournalEntry.storyboard in Resources */ = {isa = PBXBuildFile; fileRef = 1C32EA6B2177D0B8005226D9 /* JournalEntry.storyboard */; };
		1C32EA6E2177D54D005226D9 /* CreateJournalEntryVC.swift in Sources */ = {isa = PBXBuildFile; fileRef = 1C32EA6D2177D54D005226D9 /* CreateJournalEntryVC.swift */; };
		1C32EA702177D603005226D9 /* JournalEntryVC.swift in Sources */ = {isa = PBXBuildFile; fileRef = 1C32EA6F2177D603005226D9 /* JournalEntryVC.swift */; };
		1C32EA722177F800005226D9 /* FavoritesCollectionViewDataSource.swift in Sources */ = {isa = PBXBuildFile; fileRef = 1C32EA712177F800005226D9 /* FavoritesCollectionViewDataSource.swift */; };
		1C32EA742177F9D5005226D9 /* YouCanChangeThisLaterVCViewController.swift in Sources */ = {isa = PBXBuildFile; fileRef = 1C32EA732177F9D5005226D9 /* YouCanChangeThisLaterVCViewController.swift */; };
		1C43FBC42176B76900ACDAA0 /* Profile.storyboard in Resources */ = {isa = PBXBuildFile; fileRef = 1C43FBC32176B76900ACDAA0 /* Profile.storyboard */; };
		1C43FBC62176B93D00ACDAA0 /* Preferences.storyboard in Resources */ = {isa = PBXBuildFile; fileRef = 1C43FBC52176B93D00ACDAA0 /* Preferences.storyboard */; };
		1C43FBC82176C25A00ACDAA0 /* PreferencesVC.swift in Sources */ = {isa = PBXBuildFile; fileRef = 1C43FBC72176C25A00ACDAA0 /* PreferencesVC.swift */; };
		1C43FBCA2176CBF700ACDAA0 /* ProfileVC.swift in Sources */ = {isa = PBXBuildFile; fileRef = 1C43FBC92176CBF700ACDAA0 /* ProfileVC.swift */; };
		1C43FBCC2176CF4700ACDAA0 /* SearchFilter.storyboard in Resources */ = {isa = PBXBuildFile; fileRef = 1C43FBCB2176CF4700ACDAA0 /* SearchFilter.storyboard */; };
		1C791C892177A9E100A1AFF0 /* SearchFilterVC.swift in Sources */ = {isa = PBXBuildFile; fileRef = 1C791C882177A9E100A1AFF0 /* SearchFilterVC.swift */; };
		1C7E745E2172ED3D003462AD /* SWRevealViewController.m in Sources */ = {isa = PBXBuildFile; fileRef = 1C7E745D2172ED3D003462AD /* SWRevealViewController.m */; };
		1C7E74602172EFFD003462AD /* sideMenuVC.swift in Sources */ = {isa = PBXBuildFile; fileRef = 1C7E745F2172EFFD003462AD /* sideMenuVC.swift */; };
		1CA911C3216BCFC500716C0E /* AppDelegate.swift in Sources */ = {isa = PBXBuildFile; fileRef = 1CA911C2216BCFC500716C0E /* AppDelegate.swift */; };
		1CA911C8216BCFC500716C0E /* Main.storyboard in Resources */ = {isa = PBXBuildFile; fileRef = 1CA911C6216BCFC500716C0E /* Main.storyboard */; };
		1CA911CA216BCFC600716C0E /* Assets.xcassets in Resources */ = {isa = PBXBuildFile; fileRef = 1CA911C9216BCFC600716C0E /* Assets.xcassets */; };
		1CA911CD216BCFC600716C0E /* LaunchScreen.storyboard in Resources */ = {isa = PBXBuildFile; fileRef = 1CA911CB216BCFC600716C0E /* LaunchScreen.storyboard */; };
		1CD408012170F99100408716 /* GroceriesList.storyboard in Resources */ = {isa = PBXBuildFile; fileRef = 1CD408002170F99100408716 /* GroceriesList.storyboard */; };
		1CD408032170FEBB00408716 /* GrocerieListVC.swift in Sources */ = {isa = PBXBuildFile; fileRef = 1CD408022170FEBB00408716 /* GrocerieListVC.swift */; };
		1CD40805217108D800408716 /* Camera.storyboard in Resources */ = {isa = PBXBuildFile; fileRef = 1CD40804217108D800408716 /* Camera.storyboard */; };
		1CD40807217109BE00408716 /* CameraVC.swift in Sources */ = {isa = PBXBuildFile; fileRef = 1CD40806217109BE00408716 /* CameraVC.swift */; };
		1CE10DEE216E6FD40090A827 /* ApiKeys.plist in Resources */ = {isa = PBXBuildFile; fileRef = 1CE10DED216E6FD40090A827 /* ApiKeys.plist */; };
		1CE10DF8216E8DD10090A827 /* SignUp.storyboard in Resources */ = {isa = PBXBuildFile; fileRef = 1CE10DF7216E8DD10090A827 /* SignUp.storyboard */; };
		1CE10DFA216E95C10090A827 /* LogIn.storyboard in Resources */ = {isa = PBXBuildFile; fileRef = 1CE10DF9216E95C10090A827 /* LogIn.storyboard */; };
		1CE10DFE216EADDB0090A827 /* Search.storyboard in Resources */ = {isa = PBXBuildFile; fileRef = 1CE10DFD216EADDB0090A827 /* Search.storyboard */; };
		1CE10E00216EB7080090A827 /* Filter.storyboard in Resources */ = {isa = PBXBuildFile; fileRef = 1CE10DFF216EB7080090A827 /* Filter.storyboard */; };
		1CE10E02216EC98B0090A827 /* FilterVC.swift in Sources */ = {isa = PBXBuildFile; fileRef = 1CE10E01216EC98B0090A827 /* FilterVC.swift */; };
		3B6E04DB2176915A005F1A5A /* IngredientsData.swift in Sources */ = {isa = PBXBuildFile; fileRef = 3B6E04DA2176915A005F1A5A /* IngredientsData.swift */; };
		3B6E04DF2176A0C9005F1A5A /* ImageClassificationController.swift in Sources */ = {isa = PBXBuildFile; fileRef = 3B6E04DE2176A0C9005F1A5A /* ImageClassificationController.swift */; };
		3B770A4B216FC3A900FD7B7B /* Favorites.storyboard in Resources */ = {isa = PBXBuildFile; fileRef = 3B770A49216FC3A900FD7B7B /* Favorites.storyboard */; };
		3B770A4D216FCC4900FD7B7B /* FavoritesVC.swift in Sources */ = {isa = PBXBuildFile; fileRef = 3B770A4C216FCC4900FD7B7B /* FavoritesVC.swift */; };
		3B770A4F216FCD0E00FD7B7B /* FavoritesCollectionViewCell.swift in Sources */ = {isa = PBXBuildFile; fileRef = 3B770A4E216FCD0E00FD7B7B /* FavoritesCollectionViewCell.swift */; };
		3B770A51216FE41F00FD7B7B /* Recipe.swift in Sources */ = {isa = PBXBuildFile; fileRef = 3B770A50216FE41F00FD7B7B /* Recipe.swift */; };
		3B770A60216FFE9900FD7B7B /* JournalCollectionViewCell.swift in Sources */ = {isa = PBXBuildFile; fileRef = 3B770A5F216FFE9900FD7B7B /* JournalCollectionViewCell.swift */; };
		3BC803812170280400D3AA54 /* JournalEntry.swift in Sources */ = {isa = PBXBuildFile; fileRef = 3BC803802170280400D3AA54 /* JournalEntry.swift */; };
		3BC803842170292300D3AA54 /* DateExternsion.swift in Sources */ = {isa = PBXBuildFile; fileRef = 3BC803832170292300D3AA54 /* DateExternsion.swift */; };
/* End PBXBuildFile section */

/* Begin PBXFileReference section */
		1C047A34216FBEDA005683AE /* Recipe.storyboard */ = {isa = PBXFileReference; lastKnownFileType = file.storyboard; path = Recipe.storyboard; sourceTree = "<group>"; };
		1C047A36216FC723005683AE /* RecipeVC.swift */ = {isa = PBXFileReference; lastKnownFileType = sourcecode.swift; path = RecipeVC.swift; sourceTree = "<group>"; };
		1C047A3A216FEBB2005683AE /* ComparePantry.storyboard */ = {isa = PBXFileReference; lastKnownFileType = file.storyboard; path = ComparePantry.storyboard; sourceTree = "<group>"; };
		1C047A3C216FF0C3005683AE /* ComparePantryVC.swift */ = {isa = PBXFileReference; lastKnownFileType = sourcecode.swift; path = ComparePantryVC.swift; sourceTree = "<group>"; };
		1C047A3E216FF272005683AE /* ComparePantryTableVC.swift */ = {isa = PBXFileReference; lastKnownFileType = sourcecode.swift; path = ComparePantryTableVC.swift; sourceTree = "<group>"; };
		1C047A4221702D18005683AE /* SearchVC.swift */ = {isa = PBXFileReference; lastKnownFileType = sourcecode.swift; path = SearchVC.swift; sourceTree = "<group>"; };
		1C047A4421702EA9005683AE /* SearchCollectionViewCell.swift */ = {isa = PBXFileReference; lastKnownFileType = sourcecode.swift; path = SearchCollectionViewCell.swift; sourceTree = "<group>"; };
		1C32EA652177C9FE005226D9 /* Journal.storyboard */ = {isa = PBXFileReference; lastKnownFileType = file.storyboard; path = Journal.storyboard; sourceTree = "<group>"; };
		1C32EA672177CB8D005226D9 /* JournalVC.swift */ = {isa = PBXFileReference; lastKnownFileType = sourcecode.swift; path = JournalVC.swift; sourceTree = "<group>"; };
		1C32EA692177CDBC005226D9 /* CreateJournalEntry.storyboard */ = {isa = PBXFileReference; lastKnownFileType = file.storyboard; path = CreateJournalEntry.storyboard; sourceTree = "<group>"; };
		1C32EA6B2177D0B8005226D9 /* JournalEntry.storyboard */ = {isa = PBXFileReference; lastKnownFileType = file.storyboard; path = JournalEntry.storyboard; sourceTree = "<group>"; };
		1C32EA6D2177D54D005226D9 /* CreateJournalEntryVC.swift */ = {isa = PBXFileReference; lastKnownFileType = sourcecode.swift; path = CreateJournalEntryVC.swift; sourceTree = "<group>"; };
		1C32EA6F2177D603005226D9 /* JournalEntryVC.swift */ = {isa = PBXFileReference; lastKnownFileType = sourcecode.swift; path = JournalEntryVC.swift; sourceTree = "<group>"; };
		1C32EA712177F800005226D9 /* FavoritesCollectionViewDataSource.swift */ = {isa = PBXFileReference; lastKnownFileType = sourcecode.swift; path = FavoritesCollectionViewDataSource.swift; sourceTree = "<group>"; };
		1C32EA732177F9D5005226D9 /* YouCanChangeThisLaterVCViewController.swift */ = {isa = PBXFileReference; lastKnownFileType = sourcecode.swift; path = YouCanChangeThisLaterVCViewController.swift; sourceTree = "<group>"; };
		1C43FBC32176B76900ACDAA0 /* Profile.storyboard */ = {isa = PBXFileReference; lastKnownFileType = file.storyboard; path = Profile.storyboard; sourceTree = "<group>"; };
		1C43FBC52176B93D00ACDAA0 /* Preferences.storyboard */ = {isa = PBXFileReference; lastKnownFileType = file.storyboard; path = Preferences.storyboard; sourceTree = "<group>"; };
		1C43FBC72176C25A00ACDAA0 /* PreferencesVC.swift */ = {isa = PBXFileReference; lastKnownFileType = sourcecode.swift; path = PreferencesVC.swift; sourceTree = "<group>"; };
		1C43FBC92176CBF700ACDAA0 /* ProfileVC.swift */ = {isa = PBXFileReference; lastKnownFileType = sourcecode.swift; path = ProfileVC.swift; sourceTree = "<group>"; };
		1C43FBCB2176CF4700ACDAA0 /* SearchFilter.storyboard */ = {isa = PBXFileReference; lastKnownFileType = file.storyboard; path = SearchFilter.storyboard; sourceTree = "<group>"; };
		1C791C882177A9E100A1AFF0 /* SearchFilterVC.swift */ = {isa = PBXFileReference; lastKnownFileType = sourcecode.swift; path = SearchFilterVC.swift; sourceTree = "<group>"; };
		1C7E745B2172ED3C003462AD /* Munchies-Bridging-Header.h */ = {isa = PBXFileReference; lastKnownFileType = sourcecode.c.h; path = "Munchies-Bridging-Header.h"; sourceTree = "<group>"; };
		1C7E745C2172ED3D003462AD /* SWRevealViewController.h */ = {isa = PBXFileReference; fileEncoding = 4; lastKnownFileType = sourcecode.c.h; path = SWRevealViewController.h; sourceTree = "<group>"; };
		1C7E745D2172ED3D003462AD /* SWRevealViewController.m */ = {isa = PBXFileReference; fileEncoding = 4; lastKnownFileType = sourcecode.c.objc; path = SWRevealViewController.m; sourceTree = "<group>"; };
		1C7E745F2172EFFD003462AD /* sideMenuVC.swift */ = {isa = PBXFileReference; lastKnownFileType = sourcecode.swift; path = sideMenuVC.swift; sourceTree = "<group>"; };
		1CA911BF216BCFC500716C0E /* Munchies.app */ = {isa = PBXFileReference; explicitFileType = wrapper.application; includeInIndex = 0; path = Munchies.app; sourceTree = BUILT_PRODUCTS_DIR; };
		1CA911C2216BCFC500716C0E /* AppDelegate.swift */ = {isa = PBXFileReference; lastKnownFileType = sourcecode.swift; path = AppDelegate.swift; sourceTree = "<group>"; };
		1CA911C7216BCFC500716C0E /* Base */ = {isa = PBXFileReference; lastKnownFileType = file.storyboard; name = Base; path = Base.lproj/Main.storyboard; sourceTree = "<group>"; };
		1CA911C9216BCFC600716C0E /* Assets.xcassets */ = {isa = PBXFileReference; lastKnownFileType = folder.assetcatalog; path = Assets.xcassets; sourceTree = "<group>"; };
		1CA911CC216BCFC600716C0E /* Base */ = {isa = PBXFileReference; lastKnownFileType = file.storyboard; name = Base; path = Base.lproj/LaunchScreen.storyboard; sourceTree = "<group>"; };
		1CA911CE216BCFC600716C0E /* Info.plist */ = {isa = PBXFileReference; lastKnownFileType = text.plist.xml; path = Info.plist; sourceTree = "<group>"; };
		1CD408002170F99100408716 /* GroceriesList.storyboard */ = {isa = PBXFileReference; lastKnownFileType = file.storyboard; path = GroceriesList.storyboard; sourceTree = "<group>"; };
		1CD408022170FEBB00408716 /* GrocerieListVC.swift */ = {isa = PBXFileReference; lastKnownFileType = sourcecode.swift; path = GrocerieListVC.swift; sourceTree = "<group>"; };
		1CD40804217108D800408716 /* Camera.storyboard */ = {isa = PBXFileReference; lastKnownFileType = file.storyboard; path = Camera.storyboard; sourceTree = "<group>"; };
		1CD40806217109BE00408716 /* CameraVC.swift */ = {isa = PBXFileReference; lastKnownFileType = sourcecode.swift; path = CameraVC.swift; sourceTree = "<group>"; };
		1CE10DED216E6FD40090A827 /* ApiKeys.plist */ = {isa = PBXFileReference; lastKnownFileType = text.plist.xml; path = ApiKeys.plist; sourceTree = "<group>"; };
		1CE10DF7216E8DD10090A827 /* SignUp.storyboard */ = {isa = PBXFileReference; lastKnownFileType = file.storyboard; path = SignUp.storyboard; sourceTree = "<group>"; };
		1CE10DF9216E95C10090A827 /* LogIn.storyboard */ = {isa = PBXFileReference; lastKnownFileType = file.storyboard; path = LogIn.storyboard; sourceTree = "<group>"; };
		1CE10DFD216EADDB0090A827 /* Search.storyboard */ = {isa = PBXFileReference; lastKnownFileType = file.storyboard; path = Search.storyboard; sourceTree = "<group>"; };
		3B770A4A216FC3A900FD7B7B /* Base */ = {isa = PBXFileReference; lastKnownFileType = file.storyboard; name = Base; path = Munchies/StoryBoards/Base.lproj/Favorites.storyboard; sourceTree = "<group>"; };
		3B770A4C216FCC4900FD7B7B /* FavoritesVC.swift */ = {isa = PBXFileReference; lastKnownFileType = sourcecode.swift; path = FavoritesVC.swift; sourceTree = "<group>"; };
		3B770A4E216FCD0E00FD7B7B /* FavoritesCollectionViewCell.swift */ = {isa = PBXFileReference; lastKnownFileType = sourcecode.swift; name = FavoritesCollectionViewCell.swift; path = Munchies/ViewControllers/FavoritesCollectionViewCell.swift; sourceTree = SOURCE_ROOT; };
		3B770A50216FE41F00FD7B7B /* Recipe.swift */ = {isa = PBXFileReference; lastKnownFileType = sourcecode.swift; name = Recipe.swift; path = Munchies/ViewControllers/Recipe.swift; sourceTree = SOURCE_ROOT; };
		3B770A5F216FFE9900FD7B7B /* JournalCollectionViewCell.swift */ = {isa = PBXFileReference; lastKnownFileType = sourcecode.swift; name = JournalCollectionViewCell.swift; path = Munchies/ViewControllers/JournalCollectionViewCell.swift; sourceTree = SOURCE_ROOT; };
		3BC803802170280400D3AA54 /* JournalEntry.swift */ = {isa = PBXFileReference; lastKnownFileType = sourcecode.swift; name = JournalEntry.swift; path = Munchies/ViewControllers/JournalEntry.swift; sourceTree = SOURCE_ROOT; };
		3BC803832170292300D3AA54 /* DateExternsion.swift */ = {isa = PBXFileReference; lastKnownFileType = sourcecode.swift; path = DateExternsion.swift; sourceTree = "<group>"; };
/* End PBXFileReference section */

/* Begin PBXFrameworksBuildPhase section */
		1CA911BC216BCFC500716C0E /* Frameworks */ = {
			isa = PBXFrameworksBuildPhase;
			buildActionMask = 2147483647;
			files = (
			);
			runOnlyForDeploymentPostprocessing = 0;
		};
/* End PBXFrameworksBuildPhase section */

/* Begin PBXGroup section */
		1C440CE321743FD2006491FD /* Frameworks */ = {
			isa = PBXGroup;
			children = (
			);
			name = Frameworks;
			sourceTree = "<group>";
		};
		1CA911B6216BCFC500716C0E = {
			isa = PBXGroup;
			children = (
				1CA911C1216BCFC500716C0E /* Munchies */,
				1CA911C0216BCFC500716C0E /* Products */,
				1C440CE321743FD2006491FD /* Frameworks */,
			);
			sourceTree = "<group>";
		};
		1CA911C0216BCFC500716C0E /* Products */ = {
			isa = PBXGroup;
			children = (
				1CA911BF216BCFC500716C0E /* Munchies.app */,
			);
			name = Products;
			sourceTree = "<group>";
		};
		1CA911C1216BCFC500716C0E /* Munchies */ = {
			isa = PBXGroup;
			children = (
				3BC803822170291000D3AA54 /* Extensions */,
				1CE10DF5216E74320090A827 /* Models */,
				1CE10DF6216E743C0090A827 /* Views */,
				1CE10DF4216E74270090A827 /* ModelControllers */,
				1CE10DF3216E74190090A827 /* ViewControllers */,
				1CE10DF0216E73DA0090A827 /* StoryBoards */,
				1CE10DF2216E74100090A827 /* Resources */,
			);
			path = Munchies;
			sourceTree = "<group>";
		};
		1CE10DF0216E73DA0090A827 /* StoryBoards */ = {
			isa = PBXGroup;
			children = (
				1CA911CB216BCFC600716C0E /* LaunchScreen.storyboard */,
				1CA911C6216BCFC500716C0E /* Main.storyboard */,
				1CE10DF9216E95C10090A827 /* LogIn.storyboard */,
				1CE10DF7216E8DD10090A827 /* SignUp.storyboard */,
				1CE10DFD216EADDB0090A827 /* Search.storyboard */,
				3B770A49216FC3A900FD7B7B /* Favorites.storyboard */,
				1C047A34216FBEDA005683AE /* Recipe.storyboard */,
				1C047A3A216FEBB2005683AE /* ComparePantry.storyboard */,
				1CD408002170F99100408716 /* GroceriesList.storyboard */,
				1CD40804217108D800408716 /* Camera.storyboard */,
				1C43FBC32176B76900ACDAA0 /* Profile.storyboard */,
				1C43FBC52176B93D00ACDAA0 /* Preferences.storyboard */,
				1C43FBCB2176CF4700ACDAA0 /* SearchFilter.storyboard */,
				1C32EA652177C9FE005226D9 /* Journal.storyboard */,
				1C32EA692177CDBC005226D9 /* CreateJournalEntry.storyboard */,
				1C32EA6B2177D0B8005226D9 /* JournalEntry.storyboard */,
			);
			path = StoryBoards;
			sourceTree = "<group>";
		};
		1CE10DF2216E74100090A827 /* Resources */ = {
			isa = PBXGroup;
			children = (
				1CA911C2216BCFC500716C0E /* AppDelegate.swift */,
				1CA911C9216BCFC600716C0E /* Assets.xcassets */,
				1CA911CE216BCFC600716C0E /* Info.plist */,
				1CE10DED216E6FD40090A827 /* ApiKeys.plist */,
			);
			path = Resources;
			sourceTree = "<group>";
		};
		1CE10DF3216E74190090A827 /* ViewControllers */ = {
			isa = PBXGroup;
			children = (
				3B770A4C216FCC4900FD7B7B /* FavoritesVC.swift */,
				1C047A36216FC723005683AE /* RecipeVC.swift */,
				1C047A3C216FF0C3005683AE /* ComparePantryVC.swift */,
				1C047A4221702D18005683AE /* SearchVC.swift */,
				1C047A3E216FF272005683AE /* ComparePantryTableVC.swift */,
				1CD408022170FEBB00408716 /* GrocerieListVC.swift */,
				1C7E745C2172ED3D003462AD /* SWRevealViewController.h */,
				1C7E745D2172ED3D003462AD /* SWRevealViewController.m */,
				1CD40806217109BE00408716 /* CameraVC.swift */,
				1C7E745B2172ED3C003462AD /* Munchies-Bridging-Header.h */,
				1C7E745F2172EFFD003462AD /* sideMenuVC.swift */,
				1C43FBC72176C25A00ACDAA0 /* PreferencesVC.swift */,
				1C43FBC92176CBF700ACDAA0 /* ProfileVC.swift */,
				1C791C882177A9E100A1AFF0 /* SearchFilterVC.swift */,
				1C32EA672177CB8D005226D9 /* JournalVC.swift */,
				1C32EA6D2177D54D005226D9 /* CreateJournalEntryVC.swift */,
				1C32EA6F2177D603005226D9 /* JournalEntryVC.swift */,
				1C32EA712177F800005226D9 /* FavoritesCollectionViewDataSource.swift */,
				1C32EA732177F9D5005226D9 /* YouCanChangeThisLaterVCViewController.swift */,
			);
			path = ViewControllers;
			sourceTree = "<group>";
		};
		1CE10DF4216E74270090A827 /* ModelControllers */ = {
			isa = PBXGroup;
			children = (
				3B6E04DE2176A0C9005F1A5A /* ImageClassificationController.swift */,
			);
			path = ModelControllers;
			sourceTree = "<group>";
		};
		1CE10DF5216E74320090A827 /* Models */ = {
			isa = PBXGroup;
			children = (
				3B770A50216FE41F00FD7B7B /* Recipe.swift */,
				3BC803802170280400D3AA54 /* JournalEntry.swift */,
				3B6E04DA2176915A005F1A5A /* IngredientsData.swift */,
			);
			path = Models;
			sourceTree = "<group>";
		};
		1CE10DF6216E743C0090A827 /* Views */ = {
			isa = PBXGroup;
			children = (
				3B770A4E216FCD0E00FD7B7B /* FavoritesCollectionViewCell.swift */,
				3B770A5F216FFE9900FD7B7B /* JournalCollectionViewCell.swift */,
				1C047A4421702EA9005683AE /* SearchCollectionViewCell.swift */,
			);
			path = Views;
			sourceTree = "<group>";
		};
		3BC803822170291000D3AA54 /* Extensions */ = {
			isa = PBXGroup;
			children = (
				3BC803832170292300D3AA54 /* DateExternsion.swift */,
			);
			path = Extensions;
			sourceTree = "<group>";
		};
/* End PBXGroup section */

/* Begin PBXNativeTarget section */
		1CA911BE216BCFC500716C0E /* Munchies */ = {
			isa = PBXNativeTarget;
			buildConfigurationList = 1CA911D1216BCFC600716C0E /* Build configuration list for PBXNativeTarget "Munchies" */;
			buildPhases = (
				1CA911BB216BCFC500716C0E /* Sources */,
				1CA911BC216BCFC500716C0E /* Frameworks */,
				1CA911BD216BCFC500716C0E /* Resources */,
				1C440CEA2174414A006491FD /* ShellScript */,
			);
			buildRules = (
			);
			dependencies = (
			);
			name = Munchies;
			productName = Munchies;
			productReference = 1CA911BF216BCFC500716C0E /* Munchies.app */;
			productType = "com.apple.product-type.application";
		};
/* End PBXNativeTarget section */

/* Begin PBXProject section */
		1CA911B7216BCFC500716C0E /* Project object */ = {
			isa = PBXProject;
			attributes = {
				LastSwiftUpdateCheck = 1000;
				LastUpgradeCheck = 1000;
				ORGANIZATIONNAME = "Quinten Smith";
				TargetAttributes = {
					1CA911BE216BCFC500716C0E = {
						CreatedOnToolsVersion = 10.0;
						LastSwiftMigration = 1000;
						SystemCapabilities = {
							com.apple.InAppPurchase = {
								enabled = 0;
							};
						};
					};
				};
			};
			buildConfigurationList = 1CA911BA216BCFC500716C0E /* Build configuration list for PBXProject "Munchies" */;
			compatibilityVersion = "Xcode 9.3";
			developmentRegion = en;
			hasScannedForEncodings = 0;
			knownRegions = (
				en,
				Base,
			);
			mainGroup = 1CA911B6216BCFC500716C0E;
			productRefGroup = 1CA911C0216BCFC500716C0E /* Products */;
			projectDirPath = "";
			projectRoot = "";
			targets = (
				1CA911BE216BCFC500716C0E /* Munchies */,
			);
		};
/* End PBXProject section */

/* Begin PBXResourcesBuildPhase section */
		1CA911BD216BCFC500716C0E /* Resources */ = {
			isa = PBXResourcesBuildPhase;
			buildActionMask = 2147483647;
			files = (
				1CD40805217108D800408716 /* Camera.storyboard in Resources */,
				1C32EA6C2177D0B8005226D9 /* JournalEntry.storyboard in Resources */,
				1CA911CD216BCFC600716C0E /* LaunchScreen.storyboard in Resources */,
				1CE10DEE216E6FD40090A827 /* ApiKeys.plist in Resources */,
				1C43FBC62176B93D00ACDAA0 /* Preferences.storyboard in Resources */,
				1C32EA662177C9FE005226D9 /* Journal.storyboard in Resources */,
				1CA911CA216BCFC600716C0E /* Assets.xcassets in Resources */,
				1CD408012170F99100408716 /* GroceriesList.storyboard in Resources */,
				1CE10DFE216EADDB0090A827 /* Search.storyboard in Resources */,
				1C047A35216FBEDA005683AE /* Recipe.storyboard in Resources */,
				1CA911C8216BCFC500716C0E /* Main.storyboard in Resources */,
				3B770A4B216FC3A900FD7B7B /* Favorites.storyboard in Resources */,
				1C43FBCC2176CF4700ACDAA0 /* SearchFilter.storyboard in Resources */,
				1CE10DFA216E95C10090A827 /* LogIn.storyboard in Resources */,
				1CE10DF8216E8DD10090A827 /* SignUp.storyboard in Resources */,
				1C43FBC42176B76900ACDAA0 /* Profile.storyboard in Resources */,
				1C32EA6A2177CDBC005226D9 /* CreateJournalEntry.storyboard in Resources */,
				1C047A3B216FEBB2005683AE /* ComparePantry.storyboard in Resources */,
			);
			runOnlyForDeploymentPostprocessing = 0;
		};
/* End PBXResourcesBuildPhase section */

/* Begin PBXShellScriptBuildPhase section */
		1C440CEA2174414A006491FD /* ShellScript */ = {
			isa = PBXShellScriptBuildPhase;
			buildActionMask = 2147483647;
			files = (
			);
			inputFileListPaths = (
			);
			inputPaths = (
			);
			outputFileListPaths = (
			);
			outputPaths = (
			);
			runOnlyForDeploymentPostprocessing = 0;
			shellPath = /bin/sh;
			shellScript = "buildNumber=$(/usr/libexec/PlistBuddy -c \"Print CFBundleVersion\" \"$INFOPLIST_FILE\")\nbuildNumber=$(($buildNumber + 1))\n/usr/libexec/PlistBuddy -c \"Set :CFBundleVersion $buildNumber\" \"$INFOPLIST_FILE\"\n";
		};
/* End PBXShellScriptBuildPhase section */

/* Begin PBXSourcesBuildPhase section */
		1CA911BB216BCFC500716C0E /* Sources */ = {
			isa = PBXSourcesBuildPhase;
			buildActionMask = 2147483647;
			files = (
				1C43FBCA2176CBF700ACDAA0 /* ProfileVC.swift in Sources */,
				1C43FBC82176C25A00ACDAA0 /* PreferencesVC.swift in Sources */,
				1C7E74602172EFFD003462AD /* sideMenuVC.swift in Sources */,
				1C32EA6E2177D54D005226D9 /* CreateJournalEntryVC.swift in Sources */,
				3B770A4D216FCC4900FD7B7B /* FavoritesVC.swift in Sources */,
				1CD40807217109BE00408716 /* CameraVC.swift in Sources */,
				1C791C892177A9E100A1AFF0 /* SearchFilterVC.swift in Sources */,
				1C32EA682177CB8D005226D9 /* JournalVC.swift in Sources */,
				1C047A4321702D18005683AE /* SearchVC.swift in Sources */,
				1C047A4521702EA9005683AE /* SearchCollectionViewCell.swift in Sources */,
				1C047A3D216FF0C3005683AE /* ComparePantryVC.swift in Sources */,
				1C047A3F216FF272005683AE /* ComparePantryTableVC.swift in Sources */,
				3BC803812170280400D3AA54 /* JournalEntry.swift in Sources */,
				3B770A51216FE41F00FD7B7B /* Recipe.swift in Sources */,
				3B770A4F216FCD0E00FD7B7B /* FavoritesCollectionViewCell.swift in Sources */,
				3BC803842170292300D3AA54 /* DateExternsion.swift in Sources */,
				1C047A37216FC723005683AE /* RecipeVC.swift in Sources */,
				1CA911C3216BCFC500716C0E /* AppDelegate.swift in Sources */,
				3B6E04DF2176A0C9005F1A5A /* ImageClassificationController.swift in Sources */,
				1C32EA722177F800005226D9 /* FavoritesCollectionViewDataSource.swift in Sources */,
				1C32EA742177F9D5005226D9 /* YouCanChangeThisLaterVCViewController.swift in Sources */,
				1C7E745E2172ED3D003462AD /* SWRevealViewController.m in Sources */,
				1C32EA702177D603005226D9 /* JournalEntryVC.swift in Sources */,
				1CD408032170FEBB00408716 /* GrocerieListVC.swift in Sources */,
				3B770A60216FFE9900FD7B7B /* JournalCollectionViewCell.swift in Sources */,
			);
			runOnlyForDeploymentPostprocessing = 0;
		};
/* End PBXSourcesBuildPhase section */

/* Begin PBXVariantGroup section */
		1CA911C6216BCFC500716C0E /* Main.storyboard */ = {
			isa = PBXVariantGroup;
			children = (
				1CA911C7216BCFC500716C0E /* Base */,
			);
			name = Main.storyboard;
			sourceTree = "<group>";
		};
		1CA911CB216BCFC600716C0E /* LaunchScreen.storyboard */ = {
			isa = PBXVariantGroup;
			children = (
				1CA911CC216BCFC600716C0E /* Base */,
			);
			name = LaunchScreen.storyboard;
			sourceTree = "<group>";
		};
		3B770A49216FC3A900FD7B7B /* Favorites.storyboard */ = {
			isa = PBXVariantGroup;
			children = (
				3B770A4A216FC3A900FD7B7B /* Base */,
			);
			name = Favorites.storyboard;
			sourceTree = "<group>";
		};
/* End PBXVariantGroup section */

/* Begin XCBuildConfiguration section */
		1CA911CF216BCFC600716C0E /* Debug */ = {
			isa = XCBuildConfiguration;
			buildSettings = {
				ALWAYS_SEARCH_USER_PATHS = NO;
				CLANG_ANALYZER_NONNULL = YES;
				CLANG_ANALYZER_NUMBER_OBJECT_CONVERSION = YES_AGGRESSIVE;
				CLANG_CXX_LANGUAGE_STANDARD = "gnu++14";
				CLANG_CXX_LIBRARY = "libc++";
				CLANG_ENABLE_MODULES = YES;
				CLANG_ENABLE_OBJC_ARC = YES;
				CLANG_ENABLE_OBJC_WEAK = YES;
				CLANG_WARN_BLOCK_CAPTURE_AUTORELEASING = YES;
				CLANG_WARN_BOOL_CONVERSION = YES;
				CLANG_WARN_COMMA = YES;
				CLANG_WARN_CONSTANT_CONVERSION = YES;
				CLANG_WARN_DEPRECATED_OBJC_IMPLEMENTATIONS = YES;
				CLANG_WARN_DIRECT_OBJC_ISA_USAGE = YES_ERROR;
				CLANG_WARN_DOCUMENTATION_COMMENTS = YES;
				CLANG_WARN_EMPTY_BODY = YES;
				CLANG_WARN_ENUM_CONVERSION = YES;
				CLANG_WARN_INFINITE_RECURSION = YES;
				CLANG_WARN_INT_CONVERSION = YES;
				CLANG_WARN_NON_LITERAL_NULL_CONVERSION = YES;
				CLANG_WARN_OBJC_IMPLICIT_RETAIN_SELF = YES;
				CLANG_WARN_OBJC_LITERAL_CONVERSION = YES;
				CLANG_WARN_OBJC_ROOT_CLASS = YES_ERROR;
				CLANG_WARN_RANGE_LOOP_ANALYSIS = YES;
				CLANG_WARN_STRICT_PROTOTYPES = YES;
				CLANG_WARN_SUSPICIOUS_MOVE = YES;
				CLANG_WARN_UNGUARDED_AVAILABILITY = YES_AGGRESSIVE;
				CLANG_WARN_UNREACHABLE_CODE = YES;
				CLANG_WARN__DUPLICATE_METHOD_MATCH = YES;
				CODE_SIGN_IDENTITY = "iPhone Developer";
				COPY_PHASE_STRIP = NO;
				DEBUG_INFORMATION_FORMAT = dwarf;
				ENABLE_STRICT_OBJC_MSGSEND = YES;
				ENABLE_TESTABILITY = YES;
				GCC_C_LANGUAGE_STANDARD = gnu11;
				GCC_DYNAMIC_NO_PIC = NO;
				GCC_NO_COMMON_BLOCKS = YES;
				GCC_OPTIMIZATION_LEVEL = 0;
				GCC_PREPROCESSOR_DEFINITIONS = (
					"DEBUG=1",
					"$(inherited)",
				);
				GCC_WARN_64_TO_32_BIT_CONVERSION = YES;
				GCC_WARN_ABOUT_RETURN_TYPE = YES_ERROR;
				GCC_WARN_UNDECLARED_SELECTOR = YES;
				GCC_WARN_UNINITIALIZED_AUTOS = YES_AGGRESSIVE;
				GCC_WARN_UNUSED_FUNCTION = YES;
				GCC_WARN_UNUSED_VARIABLE = YES;
				IPHONEOS_DEPLOYMENT_TARGET = 12.0;
				MTL_ENABLE_DEBUG_INFO = INCLUDE_SOURCE;
				MTL_FAST_MATH = YES;
				ONLY_ACTIVE_ARCH = YES;
				SDKROOT = iphoneos;
				SWIFT_ACTIVE_COMPILATION_CONDITIONS = DEBUG;
				SWIFT_OPTIMIZATION_LEVEL = "-Onone";
			};
			name = Debug;
		};
		1CA911D0216BCFC600716C0E /* Release */ = {
			isa = XCBuildConfiguration;
			buildSettings = {
				ALWAYS_SEARCH_USER_PATHS = NO;
				CLANG_ANALYZER_NONNULL = YES;
				CLANG_ANALYZER_NUMBER_OBJECT_CONVERSION = YES_AGGRESSIVE;
				CLANG_CXX_LANGUAGE_STANDARD = "gnu++14";
				CLANG_CXX_LIBRARY = "libc++";
				CLANG_ENABLE_MODULES = YES;
				CLANG_ENABLE_OBJC_ARC = YES;
				CLANG_ENABLE_OBJC_WEAK = YES;
				CLANG_WARN_BLOCK_CAPTURE_AUTORELEASING = YES;
				CLANG_WARN_BOOL_CONVERSION = YES;
				CLANG_WARN_COMMA = YES;
				CLANG_WARN_CONSTANT_CONVERSION = YES;
				CLANG_WARN_DEPRECATED_OBJC_IMPLEMENTATIONS = YES;
				CLANG_WARN_DIRECT_OBJC_ISA_USAGE = YES_ERROR;
				CLANG_WARN_DOCUMENTATION_COMMENTS = YES;
				CLANG_WARN_EMPTY_BODY = YES;
				CLANG_WARN_ENUM_CONVERSION = YES;
				CLANG_WARN_INFINITE_RECURSION = YES;
				CLANG_WARN_INT_CONVERSION = YES;
				CLANG_WARN_NON_LITERAL_NULL_CONVERSION = YES;
				CLANG_WARN_OBJC_IMPLICIT_RETAIN_SELF = YES;
				CLANG_WARN_OBJC_LITERAL_CONVERSION = YES;
				CLANG_WARN_OBJC_ROOT_CLASS = YES_ERROR;
				CLANG_WARN_RANGE_LOOP_ANALYSIS = YES;
				CLANG_WARN_STRICT_PROTOTYPES = YES;
				CLANG_WARN_SUSPICIOUS_MOVE = YES;
				CLANG_WARN_UNGUARDED_AVAILABILITY = YES_AGGRESSIVE;
				CLANG_WARN_UNREACHABLE_CODE = YES;
				CLANG_WARN__DUPLICATE_METHOD_MATCH = YES;
				CODE_SIGN_IDENTITY = "iPhone Developer";
				COPY_PHASE_STRIP = NO;
				DEBUG_INFORMATION_FORMAT = "dwarf-with-dsym";
				ENABLE_NS_ASSERTIONS = NO;
				ENABLE_STRICT_OBJC_MSGSEND = YES;
				GCC_C_LANGUAGE_STANDARD = gnu11;
				GCC_NO_COMMON_BLOCKS = YES;
				GCC_WARN_64_TO_32_BIT_CONVERSION = YES;
				GCC_WARN_ABOUT_RETURN_TYPE = YES_ERROR;
				GCC_WARN_UNDECLARED_SELECTOR = YES;
				GCC_WARN_UNINITIALIZED_AUTOS = YES_AGGRESSIVE;
				GCC_WARN_UNUSED_FUNCTION = YES;
				GCC_WARN_UNUSED_VARIABLE = YES;
				IPHONEOS_DEPLOYMENT_TARGET = 12.0;
				MTL_ENABLE_DEBUG_INFO = NO;
				MTL_FAST_MATH = YES;
				SDKROOT = iphoneos;
				SWIFT_COMPILATION_MODE = wholemodule;
				SWIFT_OPTIMIZATION_LEVEL = "-O";
				VALIDATE_PRODUCT = YES;
			};
			name = Release;
		};
		1CA911D2216BCFC600716C0E /* Debug */ = {
			isa = XCBuildConfiguration;
			buildSettings = {
				ASSETCATALOG_COMPILER_APPICON_NAME = AppIcon;
				CLANG_ENABLE_MODULES = YES;
				CODE_SIGN_IDENTITY = "iPhone Developer";
				CODE_SIGN_STYLE = Automatic;
				DEVELOPMENT_TEAM = 5EAUJPVR66;
				INFOPLIST_FILE = "$(SRCROOT)/Munchies/Resources/Info.plist";
				LD_RUNPATH_SEARCH_PATHS = (
					"$(inherited)",
					"@executable_path/Frameworks",
				);
				PRODUCT_BUNDLE_IDENTIFIER = com.QuintenSmith.Munchies;
				PRODUCT_NAME = "$(TARGET_NAME)";
				PROVISIONING_PROFILE_SPECIFIER = "";
				SWIFT_OBJC_BRIDGING_HEADER = "Munchies/ViewControllers/Munchies-Bridging-Header.h";
				SWIFT_OPTIMIZATION_LEVEL = "-Onone";
				SWIFT_VERSION = 4.2;
				TARGETED_DEVICE_FAMILY = "1,2";
			};
			name = Debug;
		};
		1CA911D3216BCFC600716C0E /* Release */ = {
			isa = XCBuildConfiguration;
			buildSettings = {
				ASSETCATALOG_COMPILER_APPICON_NAME = AppIcon;
				CLANG_ENABLE_MODULES = YES;
				CODE_SIGN_IDENTITY = "iPhone Developer";
				CODE_SIGN_STYLE = Automatic;
				DEVELOPMENT_TEAM = 5EAUJPVR66;
				INFOPLIST_FILE = "$(SRCROOT)/Munchies/Resources/Info.plist";
				LD_RUNPATH_SEARCH_PATHS = (
					"$(inherited)",
					"@executable_path/Frameworks",
				);
				PRODUCT_BUNDLE_IDENTIFIER = com.QuintenSmith.Munchies;
				PRODUCT_NAME = "$(TARGET_NAME)";
				PROVISIONING_PROFILE_SPECIFIER = "";
				SWIFT_OBJC_BRIDGING_HEADER = "Munchies/ViewControllers/Munchies-Bridging-Header.h";
				SWIFT_VERSION = 4.2;
				TARGETED_DEVICE_FAMILY = "1,2";
			};
			name = Release;
		};
/* End XCBuildConfiguration section */

/* Begin XCConfigurationList section */
		1CA911BA216BCFC500716C0E /* Build configuration list for PBXProject "Munchies" */ = {
			isa = XCConfigurationList;
			buildConfigurations = (
				1CA911CF216BCFC600716C0E /* Debug */,
				1CA911D0216BCFC600716C0E /* Release */,
			);
			defaultConfigurationIsVisible = 0;
			defaultConfigurationName = Release;
		};
		1CA911D1216BCFC600716C0E /* Build configuration list for PBXNativeTarget "Munchies" */ = {
			isa = XCConfigurationList;
			buildConfigurations = (
				1CA911D2216BCFC600716C0E /* Debug */,
				1CA911D3216BCFC600716C0E /* Release */,
			);
			defaultConfigurationIsVisible = 0;
			defaultConfigurationName = Release;
		};
/* End XCConfigurationList section */
	};
	rootObject = 1CA911B7216BCFC500716C0E /* Project object */;
}
