// !$*UTF8*$!
{
	archiveVersion = 1;
	classes = {
	};
	objectVersion = 50;
	objects = {

/* Begin PBXBuildFile section */
		1C047A35216FBEDA005683AE /* Recipe.storyboard in Resources */ = {isa = PBXBuildFile; fileRef = 1C047A34216FBEDA005683AE /* Recipe.storyboard */; };
		1C047A37216FC723005683AE /* RecipeVC.swift in Sources */ = {isa = PBXBuildFile; fileRef = 1C047A36216FC723005683AE /* RecipeVC.swift */; };
		1C047A4321702D18005683AE /* SearchVC.swift in Sources */ = {isa = PBXBuildFile; fileRef = 1C047A4221702D18005683AE /* SearchVC.swift */; };
		1C047A4521702EA9005683AE /* SearchCollectionViewCell.swift in Sources */ = {isa = PBXBuildFile; fileRef = 1C047A4421702EA9005683AE /* SearchCollectionViewCell.swift */; };
		1C0BEC5B2179258A004F5485 /* GroceriesListTableViewCell.swift in Sources */ = {isa = PBXBuildFile; fileRef = 1C0BEC5A2179258A004F5485 /* GroceriesListTableViewCell.swift */; };
		1C0BEC632179288A004F5485 /* GroceriesListTableVC.swift in Sources */ = {isa = PBXBuildFile; fileRef = 1C0BEC622179288A004F5485 /* GroceriesListTableVC.swift */; };
		1C0BEC6721793BE7004F5485 /* JournalDashboardCollectionViewCell.swift in Sources */ = {isa = PBXBuildFile; fileRef = 1C0BEC6621793BE7004F5485 /* JournalDashboardCollectionViewCell.swift */; };
		1C0BEC6921793D02004F5485 /* JournalDashboardVC.swift in Sources */ = {isa = PBXBuildFile; fileRef = 1C0BEC6821793D02004F5485 /* JournalDashboardVC.swift */; };
		1C2BBFAC217E6086001145D1 /* CustomCellRoundedImages.swift in Sources */ = {isa = PBXBuildFile; fileRef = 1C2BBFAB217E6086001145D1 /* CustomCellRoundedImages.swift */; };
		1C2BBFAE217E646A001145D1 /* RoundedBottomView.swift in Sources */ = {isa = PBXBuildFile; fileRef = 1C2BBFAD217E646A001145D1 /* RoundedBottomView.swift */; };
		1C2BBFB0217E6940001145D1 /* RoundedImageViewCustomCells.swift in Sources */ = {isa = PBXBuildFile; fileRef = 1C2BBFAF217E6940001145D1 /* RoundedImageViewCustomCells.swift */; };
		1C2BBFB2217E6B07001145D1 /* RoundedCornersVisualEffectView.swift in Sources */ = {isa = PBXBuildFile; fileRef = 1C2BBFB1217E6B07001145D1 /* RoundedCornersVisualEffectView.swift */; };
		1C2BBFB4217E6C49001145D1 /* LaunchScreenCopy.storyboard in Resources */ = {isa = PBXBuildFile; fileRef = 1C2BBFB3217E6C49001145D1 /* LaunchScreenCopy.storyboard */; };
		1C2BBFB6217E8636001145D1 /* User.swift in Sources */ = {isa = PBXBuildFile; fileRef = 1C2BBFB5217E8636001145D1 /* User.swift */; };
		1C2BBFBA217E87D3001145D1 /* Item.swift in Sources */ = {isa = PBXBuildFile; fileRef = 1C2BBFB9217E87D3001145D1 /* Item.swift */; };
		1C2BBFBE217E9EC1001145D1 /* UserController.swift in Sources */ = {isa = PBXBuildFile; fileRef = 1C2BBFBD217E9EC1001145D1 /* UserController.swift */; };
		1C2BBFC0217EB4C5001145D1 /* Entry.swift in Sources */ = {isa = PBXBuildFile; fileRef = 1C2BBFBF217EB4C5001145D1 /* Entry.swift */; };
		1C3084A7217A792C00DF51C0 /* searchFilterSizedTableView.swift in Sources */ = {isa = PBXBuildFile; fileRef = 1C3084A6217A792C00DF51C0 /* searchFilterSizedTableView.swift */; };
		1C3084A9217A800400DF51C0 /* SearchFilterIngredientTableViewCell.swift in Sources */ = {isa = PBXBuildFile; fileRef = 1C3084A8217A800400DF51C0 /* SearchFilterIngredientTableViewCell.swift */; };
		1C3084AB217ADC3E00DF51C0 /* GroceriesListCell.swift in Sources */ = {isa = PBXBuildFile; fileRef = 1C3084AA217ADC3E00DF51C0 /* GroceriesListCell.swift */; };
		1C3084AD217AE1F900DF51C0 /* RoundedShapeButton.swift in Sources */ = {isa = PBXBuildFile; fileRef = 1C3084AC217AE1F900DF51C0 /* RoundedShapeButton.swift */; };
		1C3084AF217AE97D00DF51C0 /* RoundedImageView.swift in Sources */ = {isa = PBXBuildFile; fileRef = 1C3084AE217AE97D00DF51C0 /* RoundedImageView.swift */; };
		1C32EA662177C9FE005226D9 /* Journal.storyboard in Resources */ = {isa = PBXBuildFile; fileRef = 1C32EA652177C9FE005226D9 /* Journal.storyboard */; };
		1C32EA682177CB8D005226D9 /* JournalVC.swift in Sources */ = {isa = PBXBuildFile; fileRef = 1C32EA672177CB8D005226D9 /* JournalVC.swift */; };
		1C32EA6A2177CDBC005226D9 /* CreateJournalEntry.storyboard in Resources */ = {isa = PBXBuildFile; fileRef = 1C32EA692177CDBC005226D9 /* CreateJournalEntry.storyboard */; };
		1C32EA6C2177D0B8005226D9 /* JournalEntry.storyboard in Resources */ = {isa = PBXBuildFile; fileRef = 1C32EA6B2177D0B8005226D9 /* JournalEntry.storyboard */; };
		1C32EA6E2177D54D005226D9 /* CreateJournalEntryVC.swift in Sources */ = {isa = PBXBuildFile; fileRef = 1C32EA6D2177D54D005226D9 /* CreateJournalEntryVC.swift */; };
		1C32EA702177D603005226D9 /* JournalEntryDetailVC.swift in Sources */ = {isa = PBXBuildFile; fileRef = 1C32EA6F2177D603005226D9 /* JournalEntryDetailVC.swift */; };
		1C32EA722177F800005226D9 /* JournalCollectionViewDataSource.swift in Sources */ = {isa = PBXBuildFile; fileRef = 1C32EA712177F800005226D9 /* JournalCollectionViewDataSource.swift */; };
		1C32EA7621780FCF005226D9 /* FavoritesTableViewDataSource.swift in Sources */ = {isa = PBXBuildFile; fileRef = 1C32EA7521780FCF005226D9 /* FavoritesTableViewDataSource.swift */; };
		1C32EA78217812E2005226D9 /* FavoritesTableViewCell.swift in Sources */ = {isa = PBXBuildFile; fileRef = 1C32EA77217812E2005226D9 /* FavoritesTableViewCell.swift */; };
		1C43FBC42176B76900ACDAA0 /* Profile.storyboard in Resources */ = {isa = PBXBuildFile; fileRef = 1C43FBC32176B76900ACDAA0 /* Profile.storyboard */; };
		1C43FBC82176C25A00ACDAA0 /* PreferencesVC.swift in Sources */ = {isa = PBXBuildFile; fileRef = 1C43FBC72176C25A00ACDAA0 /* PreferencesVC.swift */; };
		1C43FBCA2176CBF700ACDAA0 /* ProfileVC.swift in Sources */ = {isa = PBXBuildFile; fileRef = 1C43FBC92176CBF700ACDAA0 /* ProfileVC.swift */; };
		1C43FBCC2176CF4700ACDAA0 /* SearchFilter.storyboard in Resources */ = {isa = PBXBuildFile; fileRef = 1C43FBCB2176CF4700ACDAA0 /* SearchFilter.storyboard */; };
		1C64B7EB2180F68400634B73 /* RoundedShapeButtonNoShadow.swift in Sources */ = {isa = PBXBuildFile; fileRef = 1C64B7EA2180F68400634B73 /* RoundedShapeButtonNoShadow.swift */; };
		1C64B7ED21817F8100634B73 /* EntryController.swift in Sources */ = {isa = PBXBuildFile; fileRef = 1C64B7EC21817F8100634B73 /* EntryController.swift */; };
		1C791C892177A9E100A1AFF0 /* SearchFilterVC.swift in Sources */ = {isa = PBXBuildFile; fileRef = 1C791C882177A9E100A1AFF0 /* SearchFilterVC.swift */; };
		1C7E745E2172ED3D003462AD /* SWRevealViewController.m in Sources */ = {isa = PBXBuildFile; fileRef = 1C7E745D2172ED3D003462AD /* SWRevealViewController.m */; };
		1C7E74602172EFFD003462AD /* sideMenuVC.swift in Sources */ = {isa = PBXBuildFile; fileRef = 1C7E745F2172EFFD003462AD /* sideMenuVC.swift */; };
		1C95497B217F994E00E91F74 /* RecipeID.swift in Sources */ = {isa = PBXBuildFile; fileRef = 1C95497A217F994E00E91F74 /* RecipeID.swift */; };
		1C9E9D11217B95D2003E13AB /* bottomBorderView.swift in Sources */ = {isa = PBXBuildFile; fileRef = 1C9E9D10217B95D2003E13AB /* bottomBorderView.swift */; };
		1CA911C3216BCFC500716C0E /* AppDelegate.swift in Sources */ = {isa = PBXBuildFile; fileRef = 1CA911C2216BCFC500716C0E /* AppDelegate.swift */; };
		1CA911C8216BCFC500716C0E /* Main.storyboard in Resources */ = {isa = PBXBuildFile; fileRef = 1CA911C6216BCFC500716C0E /* Main.storyboard */; };
		1CA911CA216BCFC600716C0E /* Assets.xcassets in Resources */ = {isa = PBXBuildFile; fileRef = 1CA911C9216BCFC600716C0E /* Assets.xcassets */; };
		1CA911CD216BCFC600716C0E /* LaunchScreen.storyboard in Resources */ = {isa = PBXBuildFile; fileRef = 1CA911CB216BCFC600716C0E /* LaunchScreen.storyboard */; };
		1CD408012170F99100408716 /* GroceriesList.storyboard in Resources */ = {isa = PBXBuildFile; fileRef = 1CD408002170F99100408716 /* GroceriesList.storyboard */; };
		1CD408032170FEBB00408716 /* GrocerieListVC.swift in Sources */ = {isa = PBXBuildFile; fileRef = 1CD408022170FEBB00408716 /* GrocerieListVC.swift */; };
		1CD40805217108D800408716 /* Camera.storyboard in Resources */ = {isa = PBXBuildFile; fileRef = 1CD40804217108D800408716 /* Camera.storyboard */; };
		1CE10DEE216E6FD40090A827 /* ApiKeys.plist in Resources */ = {isa = PBXBuildFile; fileRef = 1CE10DED216E6FD40090A827 /* ApiKeys.plist */; };
		1CE10DFE216EADDB0090A827 /* Search.storyboard in Resources */ = {isa = PBXBuildFile; fileRef = 1CE10DFD216EADDB0090A827 /* Search.storyboard */; };
		1CFC28F0217FD9F9003303ED /* FetchUserVC.swift in Sources */ = {isa = PBXBuildFile; fileRef = 1CFC28EF217FD9F9003303ED /* FetchUserVC.swift */; };
		1CFC28F2217FDAF9003303ED /* CreateProfile.storyboard in Resources */ = {isa = PBXBuildFile; fileRef = 1CFC28F1217FDAF9003303ED /* CreateProfile.storyboard */; };
		1CFC28F4217FDC5A003303ED /* CreateNameVC.swift in Sources */ = {isa = PBXBuildFile; fileRef = 1CFC28F3217FDC5A003303ED /* CreateNameVC.swift */; };
		1CFC28FB21801577003303ED /* ItemController.swift in Sources */ = {isa = PBXBuildFile; fileRef = 1CFC28FA21801577003303ED /* ItemController.swift */; };
		3B086D41217A4EAD000A353D /* InstructionsVC.swift in Sources */ = {isa = PBXBuildFile; fileRef = 3B086D40217A4EAD000A353D /* InstructionsVC.swift */; };
		3B086D43217A8B54000A353D /* IngredientTableViewCell.swift in Sources */ = {isa = PBXBuildFile; fileRef = 3B086D42217A8B54000A353D /* IngredientTableViewCell.swift */; };
		3B3A2046217AA77E008F586F /* JournalController.swift in Sources */ = {isa = PBXBuildFile; fileRef = 3B3A2045217AA77E008F586F /* JournalController.swift */; };
		3B414594218007E800407971 /* CloudKit.framework in Frameworks */ = {isa = PBXBuildFile; fileRef = 3B414593218007E800407971 /* CloudKit.framework */; };
		3B691D6F2178091000F72828 /* RecipeFetchController.swift in Sources */ = {isa = PBXBuildFile; fileRef = 3B691D6E2178091000F72828 /* RecipeFetchController.swift */; };
		3B691D71217836AC00F72828 /* RandomFoodJoke.swift in Sources */ = {isa = PBXBuildFile; fileRef = 3B691D70217836AC00F72828 /* RandomFoodJoke.swift */; };
		3B770A4B216FC3A900FD7B7B /* Favorites.storyboard in Resources */ = {isa = PBXBuildFile; fileRef = 3B770A49216FC3A900FD7B7B /* Favorites.storyboard */; };
		3B770A4D216FCC4900FD7B7B /* FavoritesVC.swift in Sources */ = {isa = PBXBuildFile; fileRef = 3B770A4C216FCC4900FD7B7B /* FavoritesVC.swift */; };
		3B770A51216FE41F00FD7B7B /* Recipe.swift in Sources */ = {isa = PBXBuildFile; fileRef = 3B770A50216FE41F00FD7B7B /* Recipe.swift */; };
		3B7E603C2180D3600020FF58 /* FavoritesCollectionViewCell.swift in Sources */ = {isa = PBXBuildFile; fileRef = 3B7E603B2180D3600020FF58 /* FavoritesCollectionViewCell.swift */; };
		3B7E603E2180D3800020FF58 /* JournalCollectionViewCell.swift in Sources */ = {isa = PBXBuildFile; fileRef = 3B7E603D2180D3800020FF58 /* JournalCollectionViewCell.swift */; };
		3BAD2B3A217BC1C100D28A53 /* ImageClasificationVC.swift in Sources */ = {isa = PBXBuildFile; fileRef = 3BAD2B39217BC1C100D28A53 /* ImageClasificationVC.swift */; };
		3BAD2B3C217BC74400D28A53 /* ImageClasification.storyboard in Resources */ = {isa = PBXBuildFile; fileRef = 3BAD2B3B217BC74400D28A53 /* ImageClasification.storyboard */; };
		3BAD2B3E217BC95E00D28A53 /* ImageClasificationController.swift in Sources */ = {isa = PBXBuildFile; fileRef = 3BAD2B3D217BC95E00D28A53 /* ImageClasificationController.swift */; };
		3BAD2B42217D496C00D28A53 /* AppStylingController.swift in Sources */ = {isa = PBXBuildFile; fileRef = 3BAD2B41217D496B00D28A53 /* AppStylingController.swift */; };
		3BC803812170280400D3AA54 /* JournalEntry.swift in Sources */ = {isa = PBXBuildFile; fileRef = 3BC803802170280400D3AA54 /* JournalEntry.swift */; };
		3BC803842170292300D3AA54 /* DateExternsion.swift in Sources */ = {isa = PBXBuildFile; fileRef = 3BC803832170292300D3AA54 /* DateExternsion.swift */; };
		63A0DB6C39ACB7CAA8022AE5 /* Pods_Munchies.framework in Frameworks */ = {isa = PBXBuildFile; fileRef = E77BB16CC9D8E22710B6DF83 /* Pods_Munchies.framework */; };
/* End PBXBuildFile section */

/* Begin PBXFileReference section */
		1C047A34216FBEDA005683AE /* Recipe.storyboard */ = {isa = PBXFileReference; lastKnownFileType = file.storyboard; path = Recipe.storyboard; sourceTree = "<group>"; };
		1C047A36216FC723005683AE /* RecipeVC.swift */ = {isa = PBXFileReference; lastKnownFileType = sourcecode.swift; path = RecipeVC.swift; sourceTree = "<group>"; };
		1C047A4221702D18005683AE /* SearchVC.swift */ = {isa = PBXFileReference; lastKnownFileType = sourcecode.swift; path = SearchVC.swift; sourceTree = "<group>"; };
		1C047A4421702EA9005683AE /* SearchCollectionViewCell.swift */ = {isa = PBXFileReference; lastKnownFileType = sourcecode.swift; path = SearchCollectionViewCell.swift; sourceTree = "<group>"; };
		1C0BEC5A2179258A004F5485 /* GroceriesListTableViewCell.swift */ = {isa = PBXFileReference; lastKnownFileType = sourcecode.swift; path = GroceriesListTableViewCell.swift; sourceTree = "<group>"; };
		1C0BEC622179288A004F5485 /* GroceriesListTableVC.swift */ = {isa = PBXFileReference; lastKnownFileType = sourcecode.swift; path = GroceriesListTableVC.swift; sourceTree = "<group>"; };
		1C0BEC6621793BE7004F5485 /* JournalDashboardCollectionViewCell.swift */ = {isa = PBXFileReference; lastKnownFileType = sourcecode.swift; path = JournalDashboardCollectionViewCell.swift; sourceTree = "<group>"; };
		1C0BEC6821793D02004F5485 /* JournalDashboardVC.swift */ = {isa = PBXFileReference; lastKnownFileType = sourcecode.swift; path = JournalDashboardVC.swift; sourceTree = "<group>"; };
		1C2BBFAB217E6086001145D1 /* CustomCellRoundedImages.swift */ = {isa = PBXFileReference; lastKnownFileType = sourcecode.swift; path = CustomCellRoundedImages.swift; sourceTree = "<group>"; };
		1C2BBFAD217E646A001145D1 /* RoundedBottomView.swift */ = {isa = PBXFileReference; lastKnownFileType = sourcecode.swift; path = RoundedBottomView.swift; sourceTree = "<group>"; };
		1C2BBFAF217E6940001145D1 /* RoundedImageViewCustomCells.swift */ = {isa = PBXFileReference; lastKnownFileType = sourcecode.swift; path = RoundedImageViewCustomCells.swift; sourceTree = "<group>"; };
		1C2BBFB1217E6B07001145D1 /* RoundedCornersVisualEffectView.swift */ = {isa = PBXFileReference; lastKnownFileType = sourcecode.swift; path = RoundedCornersVisualEffectView.swift; sourceTree = "<group>"; };
		1C2BBFB3217E6C49001145D1 /* LaunchScreenCopy.storyboard */ = {isa = PBXFileReference; lastKnownFileType = file.storyboard; path = LaunchScreenCopy.storyboard; sourceTree = "<group>"; };
		1C2BBFB5217E8636001145D1 /* User.swift */ = {isa = PBXFileReference; lastKnownFileType = sourcecode.swift; name = User.swift; path = Munchies/StoryBoards/User.swift; sourceTree = SOURCE_ROOT; };
		1C2BBFB9217E87D3001145D1 /* Item.swift */ = {isa = PBXFileReference; lastKnownFileType = sourcecode.swift; name = Item.swift; path = Munchies/StoryBoards/Item.swift; sourceTree = SOURCE_ROOT; };
		1C2BBFBD217E9EC1001145D1 /* UserController.swift */ = {isa = PBXFileReference; lastKnownFileType = sourcecode.swift; path = UserController.swift; sourceTree = "<group>"; };
		1C2BBFBF217EB4C5001145D1 /* Entry.swift */ = {isa = PBXFileReference; lastKnownFileType = sourcecode.swift; name = Entry.swift; path = Munchies/ModelController/Entry.swift; sourceTree = SOURCE_ROOT; };
		1C3084A6217A792C00DF51C0 /* searchFilterSizedTableView.swift */ = {isa = PBXFileReference; lastKnownFileType = sourcecode.swift; path = searchFilterSizedTableView.swift; sourceTree = "<group>"; };
		1C3084A8217A800400DF51C0 /* SearchFilterIngredientTableViewCell.swift */ = {isa = PBXFileReference; lastKnownFileType = sourcecode.swift; path = SearchFilterIngredientTableViewCell.swift; sourceTree = "<group>"; };
		1C3084AA217ADC3E00DF51C0 /* GroceriesListCell.swift */ = {isa = PBXFileReference; lastKnownFileType = sourcecode.swift; path = GroceriesListCell.swift; sourceTree = "<group>"; };
		1C3084AC217AE1F900DF51C0 /* RoundedShapeButton.swift */ = {isa = PBXFileReference; lastKnownFileType = sourcecode.swift; path = RoundedShapeButton.swift; sourceTree = "<group>"; };
		1C3084AE217AE97D00DF51C0 /* RoundedImageView.swift */ = {isa = PBXFileReference; lastKnownFileType = sourcecode.swift; path = RoundedImageView.swift; sourceTree = "<group>"; };
		1C32EA652177C9FE005226D9 /* Journal.storyboard */ = {isa = PBXFileReference; lastKnownFileType = file.storyboard; path = Journal.storyboard; sourceTree = "<group>"; };
		1C32EA672177CB8D005226D9 /* JournalVC.swift */ = {isa = PBXFileReference; lastKnownFileType = sourcecode.swift; path = JournalVC.swift; sourceTree = "<group>"; };
		1C32EA692177CDBC005226D9 /* CreateJournalEntry.storyboard */ = {isa = PBXFileReference; lastKnownFileType = file.storyboard; path = CreateJournalEntry.storyboard; sourceTree = "<group>"; };
		1C32EA6B2177D0B8005226D9 /* JournalEntry.storyboard */ = {isa = PBXFileReference; lastKnownFileType = file.storyboard; path = JournalEntry.storyboard; sourceTree = "<group>"; };
		1C32EA6D2177D54D005226D9 /* CreateJournalEntryVC.swift */ = {isa = PBXFileReference; lastKnownFileType = sourcecode.swift; path = CreateJournalEntryVC.swift; sourceTree = "<group>"; };
		1C32EA6F2177D603005226D9 /* JournalEntryDetailVC.swift */ = {isa = PBXFileReference; lastKnownFileType = sourcecode.swift; path = JournalEntryDetailVC.swift; sourceTree = "<group>"; };
		1C32EA712177F800005226D9 /* JournalCollectionViewDataSource.swift */ = {isa = PBXFileReference; lastKnownFileType = sourcecode.swift; path = JournalCollectionViewDataSource.swift; sourceTree = "<group>"; };
		1C32EA7521780FCF005226D9 /* FavoritesTableViewDataSource.swift */ = {isa = PBXFileReference; lastKnownFileType = sourcecode.swift; path = FavoritesTableViewDataSource.swift; sourceTree = "<group>"; };
		1C32EA77217812E2005226D9 /* FavoritesTableViewCell.swift */ = {isa = PBXFileReference; lastKnownFileType = sourcecode.swift; path = FavoritesTableViewCell.swift; sourceTree = "<group>"; };
		1C43FBC32176B76900ACDAA0 /* Profile.storyboard */ = {isa = PBXFileReference; lastKnownFileType = file.storyboard; path = Profile.storyboard; sourceTree = "<group>"; };
		1C43FBC72176C25A00ACDAA0 /* PreferencesVC.swift */ = {isa = PBXFileReference; lastKnownFileType = sourcecode.swift; path = PreferencesVC.swift; sourceTree = "<group>"; };
		1C43FBC92176CBF700ACDAA0 /* ProfileVC.swift */ = {isa = PBXFileReference; lastKnownFileType = sourcecode.swift; path = ProfileVC.swift; sourceTree = "<group>"; };
		1C43FBCB2176CF4700ACDAA0 /* SearchFilter.storyboard */ = {isa = PBXFileReference; lastKnownFileType = file.storyboard; path = SearchFilter.storyboard; sourceTree = "<group>"; };
		1C64B7EA2180F68400634B73 /* RoundedShapeButtonNoShadow.swift */ = {isa = PBXFileReference; lastKnownFileType = sourcecode.swift; path = RoundedShapeButtonNoShadow.swift; sourceTree = "<group>"; };
		1C64B7EC21817F8100634B73 /* EntryController.swift */ = {isa = PBXFileReference; lastKnownFileType = sourcecode.swift; path = EntryController.swift; sourceTree = "<group>"; };
		1C791C882177A9E100A1AFF0 /* SearchFilterVC.swift */ = {isa = PBXFileReference; lastKnownFileType = sourcecode.swift; path = SearchFilterVC.swift; sourceTree = "<group>"; };
		1C7E745B2172ED3C003462AD /* Munchies-Bridging-Header.h */ = {isa = PBXFileReference; lastKnownFileType = sourcecode.c.h; path = "Munchies-Bridging-Header.h"; sourceTree = "<group>"; };
		1C7E745C2172ED3D003462AD /* SWRevealViewController.h */ = {isa = PBXFileReference; fileEncoding = 4; lastKnownFileType = sourcecode.c.h; path = SWRevealViewController.h; sourceTree = "<group>"; };
		1C7E745D2172ED3D003462AD /* SWRevealViewController.m */ = {isa = PBXFileReference; fileEncoding = 4; lastKnownFileType = sourcecode.c.objc; path = SWRevealViewController.m; sourceTree = "<group>"; };
		1C7E745F2172EFFD003462AD /* sideMenuVC.swift */ = {isa = PBXFileReference; lastKnownFileType = sourcecode.swift; path = sideMenuVC.swift; sourceTree = "<group>"; };
		1C95497A217F994E00E91F74 /* RecipeID.swift */ = {isa = PBXFileReference; lastKnownFileType = sourcecode.swift; name = RecipeID.swift; path = Munchies/ModelController/RecipeID.swift; sourceTree = SOURCE_ROOT; };
		1C9E9D10217B95D2003E13AB /* bottomBorderView.swift */ = {isa = PBXFileReference; lastKnownFileType = sourcecode.swift; path = bottomBorderView.swift; sourceTree = "<group>"; };
		1CA911BF216BCFC500716C0E /* Munchies.app */ = {isa = PBXFileReference; explicitFileType = wrapper.application; includeInIndex = 0; path = Munchies.app; sourceTree = BUILT_PRODUCTS_DIR; };
		1CA911C2216BCFC500716C0E /* AppDelegate.swift */ = {isa = PBXFileReference; lastKnownFileType = sourcecode.swift; path = AppDelegate.swift; sourceTree = "<group>"; };
		1CA911C7216BCFC500716C0E /* Base */ = {isa = PBXFileReference; lastKnownFileType = file.storyboard; name = Base; path = Base.lproj/Main.storyboard; sourceTree = "<group>"; };
		1CA911C9216BCFC600716C0E /* Assets.xcassets */ = {isa = PBXFileReference; lastKnownFileType = folder.assetcatalog; path = Assets.xcassets; sourceTree = "<group>"; };
		1CA911CC216BCFC600716C0E /* Base */ = {isa = PBXFileReference; lastKnownFileType = file.storyboard; name = Base; path = Base.lproj/LaunchScreen.storyboard; sourceTree = "<group>"; };
		1CA911CE216BCFC600716C0E /* Info.plist */ = {isa = PBXFileReference; lastKnownFileType = text.plist.xml; path = Info.plist; sourceTree = "<group>"; };
		1CD408002170F99100408716 /* GroceriesList.storyboard */ = {isa = PBXFileReference; lastKnownFileType = file.storyboard; path = GroceriesList.storyboard; sourceTree = "<group>"; };
		1CD408022170FEBB00408716 /* GrocerieListVC.swift */ = {isa = PBXFileReference; lastKnownFileType = sourcecode.swift; path = GrocerieListVC.swift; sourceTree = "<group>"; };
		1CD40804217108D800408716 /* Camera.storyboard */ = {isa = PBXFileReference; lastKnownFileType = file.storyboard; path = Camera.storyboard; sourceTree = "<group>"; };
		1CE10DED216E6FD40090A827 /* ApiKeys.plist */ = {isa = PBXFileReference; lastKnownFileType = text.plist.xml; path = ApiKeys.plist; sourceTree = "<group>"; };
		1CE10DFD216EADDB0090A827 /* Search.storyboard */ = {isa = PBXFileReference; lastKnownFileType = file.storyboard; path = Search.storyboard; sourceTree = "<group>"; };
		1CFC28EF217FD9F9003303ED /* FetchUserVC.swift */ = {isa = PBXFileReference; lastKnownFileType = sourcecode.swift; path = FetchUserVC.swift; sourceTree = "<group>"; };
		1CFC28F1217FDAF9003303ED /* CreateProfile.storyboard */ = {isa = PBXFileReference; lastKnownFileType = file.storyboard; path = CreateProfile.storyboard; sourceTree = "<group>"; };
		1CFC28F3217FDC5A003303ED /* CreateNameVC.swift */ = {isa = PBXFileReference; lastKnownFileType = sourcecode.swift; path = CreateNameVC.swift; sourceTree = "<group>"; };
		1CFC28F7217FF906003303ED /* Munchies.entitlements */ = {isa = PBXFileReference; lastKnownFileType = text.plist.entitlements; path = Munchies.entitlements; sourceTree = "<group>"; };
		1CFC28FA21801577003303ED /* ItemController.swift */ = {isa = PBXFileReference; lastKnownFileType = sourcecode.swift; path = ItemController.swift; sourceTree = "<group>"; };
		3B086D40217A4EAD000A353D /* InstructionsVC.swift */ = {isa = PBXFileReference; lastKnownFileType = sourcecode.swift; path = InstructionsVC.swift; sourceTree = "<group>"; };
		3B086D42217A8B54000A353D /* IngredientTableViewCell.swift */ = {isa = PBXFileReference; lastKnownFileType = sourcecode.swift; path = IngredientTableViewCell.swift; sourceTree = "<group>"; };
		3B3A2045217AA77E008F586F /* JournalController.swift */ = {isa = PBXFileReference; lastKnownFileType = sourcecode.swift; path = JournalController.swift; sourceTree = "<group>"; };
		3B414593218007E800407971 /* CloudKit.framework */ = {isa = PBXFileReference; lastKnownFileType = wrapper.framework; name = CloudKit.framework; path = System/Library/Frameworks/CloudKit.framework; sourceTree = SDKROOT; };
		3B691D6E2178091000F72828 /* RecipeFetchController.swift */ = {isa = PBXFileReference; lastKnownFileType = sourcecode.swift; path = RecipeFetchController.swift; sourceTree = "<group>"; };
		3B691D70217836AC00F72828 /* RandomFoodJoke.swift */ = {isa = PBXFileReference; lastKnownFileType = sourcecode.swift; name = RandomFoodJoke.swift; path = Munchies/ModelController/RandomFoodJoke.swift; sourceTree = SOURCE_ROOT; };
		3B770A4A216FC3A900FD7B7B /* Base */ = {isa = PBXFileReference; lastKnownFileType = file.storyboard; name = Base; path = Munchies/StoryBoards/Base.lproj/Favorites.storyboard; sourceTree = "<group>"; };
		3B770A4C216FCC4900FD7B7B /* FavoritesVC.swift */ = {isa = PBXFileReference; lastKnownFileType = sourcecode.swift; path = FavoritesVC.swift; sourceTree = "<group>"; };
		3B770A50216FE41F00FD7B7B /* Recipe.swift */ = {isa = PBXFileReference; lastKnownFileType = sourcecode.swift; name = Recipe.swift; path = Munchies/ViewControllers/Recipe.swift; sourceTree = SOURCE_ROOT; };
		3B7E603B2180D3600020FF58 /* FavoritesCollectionViewCell.swift */ = {isa = PBXFileReference; fileEncoding = 4; lastKnownFileType = sourcecode.swift; path = FavoritesCollectionViewCell.swift; sourceTree = "<group>"; };
		3B7E603D2180D3800020FF58 /* JournalCollectionViewCell.swift */ = {isa = PBXFileReference; fileEncoding = 4; lastKnownFileType = sourcecode.swift; path = JournalCollectionViewCell.swift; sourceTree = "<group>"; };
		3BAD2B39217BC1C100D28A53 /* ImageClasificationVC.swift */ = {isa = PBXFileReference; lastKnownFileType = sourcecode.swift; path = ImageClasificationVC.swift; sourceTree = "<group>"; };
		3BAD2B3B217BC74400D28A53 /* ImageClasification.storyboard */ = {isa = PBXFileReference; fileEncoding = 4; lastKnownFileType = file.storyboard; path = ImageClasification.storyboard; sourceTree = "<group>"; };
		3BAD2B3D217BC95E00D28A53 /* ImageClasificationController.swift */ = {isa = PBXFileReference; lastKnownFileType = sourcecode.swift; path = ImageClasificationController.swift; sourceTree = "<group>"; };
		3BAD2B41217D496B00D28A53 /* AppStylingController.swift */ = {isa = PBXFileReference; lastKnownFileType = sourcecode.swift; path = AppStylingController.swift; sourceTree = "<group>"; };
		3BC803802170280400D3AA54 /* JournalEntry.swift */ = {isa = PBXFileReference; lastKnownFileType = sourcecode.swift; name = JournalEntry.swift; path = Munchies/ViewControllers/JournalEntry.swift; sourceTree = SOURCE_ROOT; };
		3BC803832170292300D3AA54 /* DateExternsion.swift */ = {isa = PBXFileReference; lastKnownFileType = sourcecode.swift; path = DateExternsion.swift; sourceTree = "<group>"; };
		4E773FB588C06C9E4195E527 /* Pods-Munchies.release.xcconfig */ = {isa = PBXFileReference; includeInIndex = 1; lastKnownFileType = text.xcconfig; name = "Pods-Munchies.release.xcconfig"; path = "Pods/Target Support Files/Pods-Munchies/Pods-Munchies.release.xcconfig"; sourceTree = "<group>"; };
		B4D837B8C41B70C32858D235 /* Pods-Munchies.debug.xcconfig */ = {isa = PBXFileReference; includeInIndex = 1; lastKnownFileType = text.xcconfig; name = "Pods-Munchies.debug.xcconfig"; path = "Pods/Target Support Files/Pods-Munchies/Pods-Munchies.debug.xcconfig"; sourceTree = "<group>"; };
		E77BB16CC9D8E22710B6DF83 /* Pods_Munchies.framework */ = {isa = PBXFileReference; explicitFileType = wrapper.framework; includeInIndex = 0; path = Pods_Munchies.framework; sourceTree = BUILT_PRODUCTS_DIR; };
/* End PBXFileReference section */

/* Begin PBXFrameworksBuildPhase section */
		1CA911BC216BCFC500716C0E /* Frameworks */ = {
			isa = PBXFrameworksBuildPhase;
			buildActionMask = 2147483647;
			files = (
				63A0DB6C39ACB7CAA8022AE5 /* Pods_Munchies.framework in Frameworks */,
				3B414594218007E800407971 /* CloudKit.framework in Frameworks */,
			);
			runOnlyForDeploymentPostprocessing = 0;
		};
/* End PBXFrameworksBuildPhase section */

/* Begin PBXGroup section */
		1C440CE321743FD2006491FD /* Frameworks */ = {
			isa = PBXGroup;
			children = (
				3B414593218007E800407971 /* CloudKit.framework */,
				E77BB16CC9D8E22710B6DF83 /* Pods_Munchies.framework */,
			);
			name = Frameworks;
			sourceTree = "<group>";
		};
		1CA911B6216BCFC500716C0E = {
			isa = PBXGroup;
			children = (
				1CA911C1216BCFC500716C0E /* Munchies */,
				1CA911C0216BCFC500716C0E /* Products */,
				1C440CE321743FD2006491FD /* Frameworks */,
				5A0693F6C161BE0736F88909 /* Pods */,
			);
			sourceTree = "<group>";
		};
		1CA911C0216BCFC500716C0E /* Products */ = {
			isa = PBXGroup;
			children = (
				1CA911BF216BCFC500716C0E /* Munchies.app */,
			);
			name = Products;
			sourceTree = "<group>";
		};
		1CA911C1216BCFC500716C0E /* Munchies */ = {
			isa = PBXGroup;
			children = (
				1CFC28F7217FF906003303ED /* Munchies.entitlements */,
				3BC803822170291000D3AA54 /* CustomSettings */,
				1CE10DF5216E74320090A827 /* Models */,
				1CE10DF6216E743C0090A827 /* Views */,
				3B691D6D217808F800F72828 /* ModelController */,
				1CE10DF3216E74190090A827 /* ViewControllers */,
				1CE10DF0216E73DA0090A827 /* StoryBoards */,
				1CE10DF2216E74100090A827 /* Resources */,
			);
			path = Munchies;
			sourceTree = "<group>";
		};
		1CE10DF0216E73DA0090A827 /* StoryBoards */ = {
			isa = PBXGroup;
			children = (
				3B7E60382180D0DD0020FF58 /* LaunchScreen */,
				3B7E603A2180D1200020FF58 /* Main */,
				3B7E60392180D10A0020FF58 /* Favorites */,
				3B3A2049217AEA03008F586F /* RecipeSearch storyboards */,
				3B7E60372180D0B60020FF58 /* Groceries */,
				3B3A204A217AEA3A008F586F /* Profile storyboard */,
				3B3A204B217AEA83008F586F /* SignUp storyboards */,
				3B3A2048217AE9B4008F586F /* Journal storyboards */,
			);
			path = StoryBoards;
			sourceTree = "<group>";
		};
		1CE10DF2216E74100090A827 /* Resources */ = {
			isa = PBXGroup;
			children = (
				1CA911C2216BCFC500716C0E /* AppDelegate.swift */,
				1CA911C9216BCFC600716C0E /* Assets.xcassets */,
				1CA911CE216BCFC600716C0E /* Info.plist */,
				1CE10DED216E6FD40090A827 /* ApiKeys.plist */,
			);
			path = Resources;
			sourceTree = "<group>";
		};
		1CE10DF3216E74190090A827 /* ViewControllers */ = {
			isa = PBXGroup;
			children = (
				3B086D3F217A388F000A353D /* Seach Recipies Flow */,
				3B7E602F2180CF620020FF58 /* Favorites */,
				3BAD2B49217E4F8300D28A53 /* Groceries */,
				1C7E745C2172ED3D003462AD /* SWRevealViewController.h */,
				1C7E745D2172ED3D003462AD /* SWRevealViewController.m */,
				3B7E60312180CFA10020FF58 /* OnBoarding */,
				1C7E745B2172ED3C003462AD /* Munchies-Bridging-Header.h */,
				3B7E60302180CF920020FF58 /* Profile */,
				3B3A2047217AB39D008F586F /* JournalControllers */,
				3BAD2B4A217E663700D28A53 /* Dashboard */,
			);
			path = ViewControllers;
			sourceTree = "<group>";
		};
		1CE10DF5216E74320090A827 /* Models */ = {
			isa = PBXGroup;
			children = (
				3B770A50216FE41F00FD7B7B /* Recipe.swift */,
				3B691D70217836AC00F72828 /* RandomFoodJoke.swift */,
				3BC803802170280400D3AA54 /* JournalEntry.swift */,
				1C2BBFB5217E8636001145D1 /* User.swift */,
				1C2BBFB9217E87D3001145D1 /* Item.swift */,
				1C2BBFBF217EB4C5001145D1 /* Entry.swift */,
				1C95497A217F994E00E91F74 /* RecipeID.swift */,
			);
			path = Models;
			sourceTree = "<group>";
		};
		1CE10DF6216E743C0090A827 /* Views */ = {
			isa = PBXGroup;
			children = (
				3B7E60322180CFC00020FF58 /* Favorite */,
				3B7E60332180D0560020FF58 /* Journal */,
				3B7E60342180D0670020FF58 /* SearchFilter */,
				3B7E60352180D0780020FF58 /* Groceries */,
				3B7E60362180D07F0020FF58 /* Ingredients */,
			);
			path = Views;
			sourceTree = "<group>";
		};
		3B086D3F217A388F000A353D /* Seach Recipies Flow */ = {
			isa = PBXGroup;
			children = (
				1C791C882177A9E100A1AFF0 /* SearchFilterVC.swift */,
				1C047A4221702D18005683AE /* SearchVC.swift */,
				1C047A36216FC723005683AE /* RecipeVC.swift */,
				3B086D40217A4EAD000A353D /* InstructionsVC.swift */,
				3BAD2B39217BC1C100D28A53 /* ImageClasificationVC.swift */,
			);
			path = "Seach Recipies Flow";
			sourceTree = "<group>";
		};
		3B3A2047217AB39D008F586F /* JournalControllers */ = {
			isa = PBXGroup;
			children = (
				1C32EA672177CB8D005226D9 /* JournalVC.swift */,
				1C32EA6F2177D603005226D9 /* JournalEntryDetailVC.swift */,
				1C32EA6D2177D54D005226D9 /* CreateJournalEntryVC.swift */,
			);
			path = JournalControllers;
			sourceTree = "<group>";
		};
		3B3A2048217AE9B4008F586F /* Journal storyboards */ = {
			isa = PBXGroup;
			children = (
				1C32EA652177C9FE005226D9 /* Journal.storyboard */,
				1C32EA6B2177D0B8005226D9 /* JournalEntry.storyboard */,
				1C32EA692177CDBC005226D9 /* CreateJournalEntry.storyboard */,
				1CD40804217108D800408716 /* Camera.storyboard */,
			);
			path = "Journal storyboards";
			sourceTree = "<group>";
		};
		3B3A2049217AEA03008F586F /* RecipeSearch storyboards */ = {
			isa = PBXGroup;
			children = (
				1C43FBCB2176CF4700ACDAA0 /* SearchFilter.storyboard */,
				3BAD2B3B217BC74400D28A53 /* ImageClasification.storyboard */,
				1CE10DFD216EADDB0090A827 /* Search.storyboard */,
				1C047A34216FBEDA005683AE /* Recipe.storyboard */,
			);
			path = "RecipeSearch storyboards";
			sourceTree = "<group>";
		};
		3B3A204A217AEA3A008F586F /* Profile storyboard */ = {
			isa = PBXGroup;
			children = (
				1C43FBC32176B76900ACDAA0 /* Profile.storyboard */,
			);
			path = "Profile storyboard";
			sourceTree = "<group>";
		};
		3B3A204B217AEA83008F586F /* SignUp storyboards */ = {
			isa = PBXGroup;
			children = (
				1CFC28F1217FDAF9003303ED /* CreateProfile.storyboard */,
			);
			path = "SignUp storyboards";
			sourceTree = "<group>";
		};
		3B691D6D217808F800F72828 /* ModelController */ = {
			isa = PBXGroup;
			children = (
				3B691D6E2178091000F72828 /* RecipeFetchController.swift */,
				3B3A2045217AA77E008F586F /* JournalController.swift */,
				3BAD2B3D217BC95E00D28A53 /* ImageClasificationController.swift */,
				3BAD2B41217D496B00D28A53 /* AppStylingController.swift */,
				1C2BBFBD217E9EC1001145D1 /* UserController.swift */,
				1CFC28FA21801577003303ED /* ItemController.swift */,
				1C64B7EC21817F8100634B73 /* EntryController.swift */,
			);
			path = ModelController;
			sourceTree = "<group>";
		};
		3B7E602F2180CF620020FF58 /* Favorites */ = {
			isa = PBXGroup;
			children = (
				3B770A4C216FCC4900FD7B7B /* FavoritesVC.swift */,
				1C32EA7521780FCF005226D9 /* FavoritesTableViewDataSource.swift */,
			);
			path = Favorites;
			sourceTree = "<group>";
		};
		3B7E60302180CF920020FF58 /* Profile */ = {
			isa = PBXGroup;
			children = (
				1C43FBC92176CBF700ACDAA0 /* ProfileVC.swift */,
			);
			path = Profile;
			sourceTree = "<group>";
		};
		3B7E60312180CFA10020FF58 /* OnBoarding */ = {
			isa = PBXGroup;
			children = (
				1C43FBC72176C25A00ACDAA0 /* PreferencesVC.swift */,
				1CFC28EF217FD9F9003303ED /* FetchUserVC.swift */,
				1CFC28F3217FDC5A003303ED /* CreateNameVC.swift */,
			);
			path = OnBoarding;
			sourceTree = "<group>";
		};
		3B7E60322180CFC00020FF58 /* Favorite */ = {
			isa = PBXGroup;
			children = (
				3B7E603B2180D3600020FF58 /* FavoritesCollectionViewCell.swift */,
				1C32EA77217812E2005226D9 /* FavoritesTableViewCell.swift */,
			);
			path = Favorite;
			sourceTree = "<group>";
		};
		3B7E60332180D0560020FF58 /* Journal */ = {
			isa = PBXGroup;
			children = (
				3B7E603D2180D3800020FF58 /* JournalCollectionViewCell.swift */,
				1C0BEC6621793BE7004F5485 /* JournalDashboardCollectionViewCell.swift */,
			);
			path = Journal;
			sourceTree = "<group>";
		};
		3B7E60342180D0670020FF58 /* SearchFilter */ = {
			isa = PBXGroup;
			children = (
				1C047A4421702EA9005683AE /* SearchCollectionViewCell.swift */,
				1C3084A6217A792C00DF51C0 /* searchFilterSizedTableView.swift */,
				1C3084A8217A800400DF51C0 /* SearchFilterIngredientTableViewCell.swift */,
			);
			path = SearchFilter;
			sourceTree = "<group>";
		};
		3B7E60352180D0780020FF58 /* Groceries */ = {
			isa = PBXGroup;
			children = (
				1C0BEC5A2179258A004F5485 /* GroceriesListTableViewCell.swift */,
			);
			path = Groceries;
			sourceTree = "<group>";
		};
		3B7E60362180D07F0020FF58 /* Ingredients */ = {
			isa = PBXGroup;
			children = (
				3B086D42217A8B54000A353D /* IngredientTableViewCell.swift */,
			);
			path = Ingredients;
			sourceTree = "<group>";
		};
		3B7E60372180D0B60020FF58 /* Groceries */ = {
			isa = PBXGroup;
			children = (
				1CD408002170F99100408716 /* GroceriesList.storyboard */,
			);
			path = Groceries;
			sourceTree = "<group>";
		};
		3B7E60382180D0DD0020FF58 /* LaunchScreen */ = {
			isa = PBXGroup;
			children = (
				1CA911CB216BCFC600716C0E /* LaunchScreen.storyboard */,
				1C2BBFB3217E6C49001145D1 /* LaunchScreenCopy.storyboard */,
			);
			path = LaunchScreen;
			sourceTree = "<group>";
		};
		3B7E60392180D10A0020FF58 /* Favorites */ = {
			isa = PBXGroup;
			children = (
				3B770A49216FC3A900FD7B7B /* Favorites.storyboard */,
			);
			path = Favorites;
			sourceTree = "<group>";
		};
		3B7E603A2180D1200020FF58 /* Main */ = {
			isa = PBXGroup;
			children = (
				1CA911C6216BCFC500716C0E /* Main.storyboard */,
			);
			path = Main;
			sourceTree = "<group>";
		};
		3BAD2B49217E4F8300D28A53 /* Groceries */ = {
			isa = PBXGroup;
			children = (
				1C3084AA217ADC3E00DF51C0 /* GroceriesListCell.swift */,
				1CD408022170FEBB00408716 /* GrocerieListVC.swift */,
			);
			path = Groceries;
			sourceTree = "<group>";
		};
		3BAD2B4A217E663700D28A53 /* Dashboard */ = {
			isa = PBXGroup;
			children = (
				1C32EA712177F800005226D9 /* JournalCollectionViewDataSource.swift */,
				1C0BEC6821793D02004F5485 /* JournalDashboardVC.swift */,
				1C7E745F2172EFFD003462AD /* sideMenuVC.swift */,
				1C0BEC622179288A004F5485 /* GroceriesListTableVC.swift */,
			);
			path = Dashboard;
			sourceTree = "<group>";
		};
		3BC803822170291000D3AA54 /* CustomSettings */ = {
			isa = PBXGroup;
			children = (
				3BC803832170292300D3AA54 /* DateExternsion.swift */,
				1C3084AC217AE1F900DF51C0 /* RoundedShapeButton.swift */,
				1C3084AE217AE97D00DF51C0 /* RoundedImageView.swift */,
				1C2BBFAD217E646A001145D1 /* RoundedBottomView.swift */,
				1C2BBFAF217E6940001145D1 /* RoundedImageViewCustomCells.swift */,
				1C2BBFB1217E6B07001145D1 /* RoundedCornersVisualEffectView.swift */,
				1C2BBFAB217E6086001145D1 /* CustomCellRoundedImages.swift */,
				1C9E9D10217B95D2003E13AB /* bottomBorderView.swift */,
				1C64B7EA2180F68400634B73 /* RoundedShapeButtonNoShadow.swift */,
			);
			path = CustomSettings;
			sourceTree = "<group>";
		};
		5A0693F6C161BE0736F88909 /* Pods */ = {
			isa = PBXGroup;
			children = (
				B4D837B8C41B70C32858D235 /* Pods-Munchies.debug.xcconfig */,
				4E773FB588C06C9E4195E527 /* Pods-Munchies.release.xcconfig */,
			);
			name = Pods;
			sourceTree = "<group>";
		};
/* End PBXGroup section */

/* Begin PBXNativeTarget section */
		1CA911BE216BCFC500716C0E /* Munchies */ = {
			isa = PBXNativeTarget;
			buildConfigurationList = 1CA911D1216BCFC600716C0E /* Build configuration list for PBXNativeTarget "Munchies" */;
			buildPhases = (
				5EE8F3A2E617B89D679A06AE /* [CP] Check Pods Manifest.lock */,
				1CA911BB216BCFC500716C0E /* Sources */,
				1CA911BC216BCFC500716C0E /* Frameworks */,
				1CA911BD216BCFC500716C0E /* Resources */,
				1C440CEA2174414A006491FD /* ShellScript */,
				B9A3E15130D475720AF8D7D1 /* [CP] Embed Pods Frameworks */,
			);
			buildRules = (
			);
			dependencies = (
			);
			name = Munchies;
			productName = Munchies;
			productReference = 1CA911BF216BCFC500716C0E /* Munchies.app */;
			productType = "com.apple.product-type.application";
		};
/* End PBXNativeTarget section */

/* Begin PBXProject section */
		1CA911B7216BCFC500716C0E /* Project object */ = {
			isa = PBXProject;
			attributes = {
				LastSwiftUpdateCheck = 1000;
				LastUpgradeCheck = 1000;
				ORGANIZATIONNAME = "Quinten Smith";
				TargetAttributes = {
					1CA911BE216BCFC500716C0E = {
						CreatedOnToolsVersion = 10.0;
						LastSwiftMigration = 1000;
						SystemCapabilities = {
							com.apple.InAppPurchase = {
								enabled = 0;
							};
							com.apple.Push = {
								enabled = 1;
							};
							com.apple.iCloud = {
								enabled = 1;
							};
						};
					};
				};
			};
			buildConfigurationList = 1CA911BA216BCFC500716C0E /* Build configuration list for PBXProject "Munchies" */;
			compatibilityVersion = "Xcode 9.3";
			developmentRegion = en;
			hasScannedForEncodings = 0;
			knownRegions = (
				en,
				Base,
			);
			mainGroup = 1CA911B6216BCFC500716C0E;
			productRefGroup = 1CA911C0216BCFC500716C0E /* Products */;
			projectDirPath = "";
			projectRoot = "";
			targets = (
				1CA911BE216BCFC500716C0E /* Munchies */,
			);
		};
/* End PBXProject section */

/* Begin PBXResourcesBuildPhase section */
		1CA911BD216BCFC500716C0E /* Resources */ = {
			isa = PBXResourcesBuildPhase;
			buildActionMask = 2147483647;
			files = (
				1CD40805217108D800408716 /* Camera.storyboard in Resources */,
				1C32EA6C2177D0B8005226D9 /* JournalEntry.storyboard in Resources */,
				1CFC28F2217FDAF9003303ED /* CreateProfile.storyboard in Resources */,
				1CA911CD216BCFC600716C0E /* LaunchScreen.storyboard in Resources */,
				1CE10DEE216E6FD40090A827 /* ApiKeys.plist in Resources */,
				1C32EA662177C9FE005226D9 /* Journal.storyboard in Resources */,
				1CA911CA216BCFC600716C0E /* Assets.xcassets in Resources */,
				1CD408012170F99100408716 /* GroceriesList.storyboard in Resources */,
				1CE10DFE216EADDB0090A827 /* Search.storyboard in Resources */,
				1C047A35216FBEDA005683AE /* Recipe.storyboard in Resources */,
				1CA911C8216BCFC500716C0E /* Main.storyboard in Resources */,
				3B770A4B216FC3A900FD7B7B /* Favorites.storyboard in Resources */,
				1C2BBFB4217E6C49001145D1 /* LaunchScreenCopy.storyboard in Resources */,
				1C43FBCC2176CF4700ACDAA0 /* SearchFilter.storyboard in Resources */,
				3BAD2B3C217BC74400D28A53 /* ImageClasification.storyboard in Resources */,
				1C43FBC42176B76900ACDAA0 /* Profile.storyboard in Resources */,
				1C32EA6A2177CDBC005226D9 /* CreateJournalEntry.storyboard in Resources */,
			);
			runOnlyForDeploymentPostprocessing = 0;
		};
/* End PBXResourcesBuildPhase section */

/* Begin PBXShellScriptBuildPhase section */
		1C440CEA2174414A006491FD /* ShellScript */ = {
			isa = PBXShellScriptBuildPhase;
			buildActionMask = 2147483647;
			files = (
			);
			inputFileListPaths = (
			);
			inputPaths = (
			);
			outputFileListPaths = (
			);
			outputPaths = (
			);
			runOnlyForDeploymentPostprocessing = 0;
			shellPath = /bin/sh;
			shellScript = "buildNumber=$(/usr/libexec/PlistBuddy -c \"Print CFBundleVersion\" \"$INFOPLIST_FILE\")\nbuildNumber=$(($buildNumber + 1))\n/usr/libexec/PlistBuddy -c \"Set :CFBundleVersion $buildNumber\" \"$INFOPLIST_FILE\"\n";
		};
		5EE8F3A2E617B89D679A06AE /* [CP] Check Pods Manifest.lock */ = {
			isa = PBXShellScriptBuildPhase;
			buildActionMask = 2147483647;
			files = (
			);
			inputFileListPaths = (
			);
			inputPaths = (
				"${PODS_PODFILE_DIR_PATH}/Podfile.lock",
				"${PODS_ROOT}/Manifest.lock",
			);
			name = "[CP] Check Pods Manifest.lock";
			outputFileListPaths = (
			);
			outputPaths = (
				"$(DERIVED_FILE_DIR)/Pods-Munchies-checkManifestLockResult.txt",
			);
			runOnlyForDeploymentPostprocessing = 0;
			shellPath = /bin/sh;
			shellScript = "diff \"${PODS_PODFILE_DIR_PATH}/Podfile.lock\" \"${PODS_ROOT}/Manifest.lock\" > /dev/null\nif [ $? != 0 ] ; then\n    # print error to STDERR\n    echo \"error: The sandbox is not in sync with the Podfile.lock. Run 'pod install' or update your CocoaPods installation.\" >&2\n    exit 1\nfi\n# This output is used by Xcode 'outputs' to avoid re-running this script phase.\necho \"SUCCESS\" > \"${SCRIPT_OUTPUT_FILE_0}\"\n";
			showEnvVarsInLog = 0;
		};
		B9A3E15130D475720AF8D7D1 /* [CP] Embed Pods Frameworks */ = {
			isa = PBXShellScriptBuildPhase;
			buildActionMask = 2147483647;
			files = (
			);
			inputFileListPaths = (
			);
			inputPaths = (
				"${SRCROOT}/Pods/Target Support Files/Pods-Munchies/Pods-Munchies-frameworks.sh",
				"${BUILT_PRODUCTS_DIR}/BFOAuth/BFOAuth.framework",
				"${BUILT_PRODUCTS_DIR}/CloudSight/CloudSight.framework",
				"${BUILT_PRODUCTS_DIR}/RequestUtils/RequestUtils.framework",
			);
			name = "[CP] Embed Pods Frameworks";
			outputFileListPaths = (
			);
			outputPaths = (
				"${TARGET_BUILD_DIR}/${FRAMEWORKS_FOLDER_PATH}/BFOAuth.framework",
				"${TARGET_BUILD_DIR}/${FRAMEWORKS_FOLDER_PATH}/CloudSight.framework",
				"${TARGET_BUILD_DIR}/${FRAMEWORKS_FOLDER_PATH}/RequestUtils.framework",
			);
			runOnlyForDeploymentPostprocessing = 0;
			shellPath = /bin/sh;
			shellScript = "\"${SRCROOT}/Pods/Target Support Files/Pods-Munchies/Pods-Munchies-frameworks.sh\"\n";
			showEnvVarsInLog = 0;
		};
/* End PBXShellScriptBuildPhase section */

/* Begin PBXSourcesBuildPhase section */
		1CA911BB216BCFC500716C0E /* Sources */ = {
			isa = PBXSourcesBuildPhase;
			buildActionMask = 2147483647;
			files = (
				1C43FBCA2176CBF700ACDAA0 /* ProfileVC.swift in Sources */,
				1C43FBC82176C25A00ACDAA0 /* PreferencesVC.swift in Sources */,
				1C7E74602172EFFD003462AD /* sideMenuVC.swift in Sources */,
				3B3A2046217AA77E008F586F /* JournalController.swift in Sources */,
				1C3084A9217A800400DF51C0 /* SearchFilterIngredientTableViewCell.swift in Sources */,
				1C32EA6E2177D54D005226D9 /* CreateJournalEntryVC.swift in Sources */,
				1C3084AB217ADC3E00DF51C0 /* GroceriesListCell.swift in Sources */,
				3B770A4D216FCC4900FD7B7B /* FavoritesVC.swift in Sources */,
				1C791C892177A9E100A1AFF0 /* SearchFilterVC.swift in Sources */,
				1C2BBFAE217E646A001145D1 /* RoundedBottomView.swift in Sources */,
				1C64B7EB2180F68400634B73 /* RoundedShapeButtonNoShadow.swift in Sources */,
				1C9E9D11217B95D2003E13AB /* bottomBorderView.swift in Sources */,
				1C32EA682177CB8D005226D9 /* JournalVC.swift in Sources */,
				1CFC28F0217FD9F9003303ED /* FetchUserVC.swift in Sources */,
				1C047A4321702D18005683AE /* SearchVC.swift in Sources */,
				1C0BEC632179288A004F5485 /* GroceriesListTableVC.swift in Sources */,
				1C32EA78217812E2005226D9 /* FavoritesTableViewCell.swift in Sources */,
				1C32EA7621780FCF005226D9 /* FavoritesTableViewDataSource.swift in Sources */,
				1C3084AF217AE97D00DF51C0 /* RoundedImageView.swift in Sources */,
				1C0BEC5B2179258A004F5485 /* GroceriesListTableViewCell.swift in Sources */,
				1C2BBFBA217E87D3001145D1 /* Item.swift in Sources */,
				1C047A4521702EA9005683AE /* SearchCollectionViewCell.swift in Sources */,
				1C0BEC6721793BE7004F5485 /* JournalDashboardCollectionViewCell.swift in Sources */,
				3B7E603C2180D3600020FF58 /* FavoritesCollectionViewCell.swift in Sources */,
				3BC803812170280400D3AA54 /* JournalEntry.swift in Sources */,
				3BAD2B42217D496C00D28A53 /* AppStylingController.swift in Sources */,
				1C2BBFB0217E6940001145D1 /* RoundedImageViewCustomCells.swift in Sources */,
				1C3084A7217A792C00DF51C0 /* searchFilterSizedTableView.swift in Sources */,
				3B7E603E2180D3800020FF58 /* JournalCollectionViewCell.swift in Sources */,
				3B770A51216FE41F00FD7B7B /* Recipe.swift in Sources */,
				1C64B7ED21817F8100634B73 /* EntryController.swift in Sources */,
				1C0BEC6921793D02004F5485 /* JournalDashboardVC.swift in Sources */,
				3BAD2B3A217BC1C100D28A53 /* ImageClasificationVC.swift in Sources */,
				1C3084AD217AE1F900DF51C0 /* RoundedShapeButton.swift in Sources */,
				3BAD2B3E217BC95E00D28A53 /* ImageClasificationController.swift in Sources */,
				3BC803842170292300D3AA54 /* DateExternsion.swift in Sources */,
				1C047A37216FC723005683AE /* RecipeVC.swift in Sources */,
				3B691D71217836AC00F72828 /* RandomFoodJoke.swift in Sources */,
				1CA911C3216BCFC500716C0E /* AppDelegate.swift in Sources */,
				1C2BBFAC217E6086001145D1 /* CustomCellRoundedImages.swift in Sources */,
				1C32EA722177F800005226D9 /* JournalCollectionViewDataSource.swift in Sources */,
				1CFC28FB21801577003303ED /* ItemController.swift in Sources */,
				1C2BBFC0217EB4C5001145D1 /* Entry.swift in Sources */,
				1C2BBFBE217E9EC1001145D1 /* UserController.swift in Sources */,
				1C7E745E2172ED3D003462AD /* SWRevealViewController.m in Sources */,
				1C95497B217F994E00E91F74 /* RecipeID.swift in Sources */,
				1C2BBFB6217E8636001145D1 /* User.swift in Sources */,
				3B691D6F2178091000F72828 /* RecipeFetchController.swift in Sources */,
				1C2BBFB2217E6B07001145D1 /* RoundedCornersVisualEffectView.swift in Sources */,
				1C32EA702177D603005226D9 /* JournalEntryDetailVC.swift in Sources */,
				1CFC28F4217FDC5A003303ED /* CreateNameVC.swift in Sources */,
				3B086D41217A4EAD000A353D /* InstructionsVC.swift in Sources */,
				1CD408032170FEBB00408716 /* GrocerieListVC.swift in Sources */,
				3B086D43217A8B54000A353D /* IngredientTableViewCell.swift in Sources */,
			);
			runOnlyForDeploymentPostprocessing = 0;
		};
/* End PBXSourcesBuildPhase section */

/* Begin PBXVariantGroup section */
		1CA911C6216BCFC500716C0E /* Main.storyboard */ = {
			isa = PBXVariantGroup;
			children = (
				1CA911C7216BCFC500716C0E /* Base */,
			);
			name = Main.storyboard;
			sourceTree = "<group>";
		};
		1CA911CB216BCFC600716C0E /* LaunchScreen.storyboard */ = {
			isa = PBXVariantGroup;
			children = (
				1CA911CC216BCFC600716C0E /* Base */,
			);
			name = LaunchScreen.storyboard;
			sourceTree = "<group>";
		};
		3B770A49216FC3A900FD7B7B /* Favorites.storyboard */ = {
			isa = PBXVariantGroup;
			children = (
				3B770A4A216FC3A900FD7B7B /* Base */,
			);
			name = Favorites.storyboard;
			sourceTree = "<group>";
		};
/* End PBXVariantGroup section */

/* Begin XCBuildConfiguration section */
		1CA911CF216BCFC600716C0E /* Debug */ = {
			isa = XCBuildConfiguration;
			buildSettings = {
				ALWAYS_SEARCH_USER_PATHS = NO;
				CLANG_ANALYZER_NONNULL = YES;
				CLANG_ANALYZER_NUMBER_OBJECT_CONVERSION = YES_AGGRESSIVE;
				CLANG_CXX_LANGUAGE_STANDARD = "gnu++14";
				CLANG_CXX_LIBRARY = "libc++";
				CLANG_ENABLE_MODULES = YES;
				CLANG_ENABLE_OBJC_ARC = YES;
				CLANG_ENABLE_OBJC_WEAK = YES;
				CLANG_WARN_BLOCK_CAPTURE_AUTORELEASING = YES;
				CLANG_WARN_BOOL_CONVERSION = YES;
				CLANG_WARN_COMMA = YES;
				CLANG_WARN_CONSTANT_CONVERSION = YES;
				CLANG_WARN_DEPRECATED_OBJC_IMPLEMENTATIONS = YES;
				CLANG_WARN_DIRECT_OBJC_ISA_USAGE = YES_ERROR;
				CLANG_WARN_DOCUMENTATION_COMMENTS = YES;
				CLANG_WARN_EMPTY_BODY = YES;
				CLANG_WARN_ENUM_CONVERSION = YES;
				CLANG_WARN_INFINITE_RECURSION = YES;
				CLANG_WARN_INT_CONVERSION = YES;
				CLANG_WARN_NON_LITERAL_NULL_CONVERSION = YES;
				CLANG_WARN_OBJC_IMPLICIT_RETAIN_SELF = YES;
				CLANG_WARN_OBJC_LITERAL_CONVERSION = YES;
				CLANG_WARN_OBJC_ROOT_CLASS = YES_ERROR;
				CLANG_WARN_RANGE_LOOP_ANALYSIS = YES;
				CLANG_WARN_STRICT_PROTOTYPES = YES;
				CLANG_WARN_SUSPICIOUS_MOVE = YES;
				CLANG_WARN_UNGUARDED_AVAILABILITY = YES_AGGRESSIVE;
				CLANG_WARN_UNREACHABLE_CODE = YES;
				CLANG_WARN__DUPLICATE_METHOD_MATCH = YES;
				CODE_SIGN_IDENTITY = "iPhone Developer";
				COPY_PHASE_STRIP = NO;
				DEBUG_INFORMATION_FORMAT = dwarf;
				ENABLE_STRICT_OBJC_MSGSEND = YES;
				ENABLE_TESTABILITY = YES;
				GCC_C_LANGUAGE_STANDARD = gnu11;
				GCC_DYNAMIC_NO_PIC = NO;
				GCC_NO_COMMON_BLOCKS = YES;
				GCC_OPTIMIZATION_LEVEL = 0;
				GCC_PREPROCESSOR_DEFINITIONS = (
					"DEBUG=1",
					"$(inherited)",
				);
				GCC_WARN_64_TO_32_BIT_CONVERSION = YES;
				GCC_WARN_ABOUT_RETURN_TYPE = YES_ERROR;
				GCC_WARN_UNDECLARED_SELECTOR = YES;
				GCC_WARN_UNINITIALIZED_AUTOS = YES_AGGRESSIVE;
				GCC_WARN_UNUSED_FUNCTION = YES;
				GCC_WARN_UNUSED_VARIABLE = YES;
				IPHONEOS_DEPLOYMENT_TARGET = 12.0;
				MTL_ENABLE_DEBUG_INFO = INCLUDE_SOURCE;
				MTL_FAST_MATH = YES;
				ONLY_ACTIVE_ARCH = YES;
				SDKROOT = iphoneos;
				SWIFT_ACTIVE_COMPILATION_CONDITIONS = DEBUG;
				SWIFT_OPTIMIZATION_LEVEL = "-Onone";
			};
			name = Debug;
		};
		1CA911D0216BCFC600716C0E /* Release */ = {
			isa = XCBuildConfiguration;
			buildSettings = {
				ALWAYS_SEARCH_USER_PATHS = NO;
				CLANG_ANALYZER_NONNULL = YES;
				CLANG_ANALYZER_NUMBER_OBJECT_CONVERSION = YES_AGGRESSIVE;
				CLANG_CXX_LANGUAGE_STANDARD = "gnu++14";
				CLANG_CXX_LIBRARY = "libc++";
				CLANG_ENABLE_MODULES = YES;
				CLANG_ENABLE_OBJC_ARC = YES;
				CLANG_ENABLE_OBJC_WEAK = YES;
				CLANG_WARN_BLOCK_CAPTURE_AUTORELEASING = YES;
				CLANG_WARN_BOOL_CONVERSION = YES;
				CLANG_WARN_COMMA = YES;
				CLANG_WARN_CONSTANT_CONVERSION = YES;
				CLANG_WARN_DEPRECATED_OBJC_IMPLEMENTATIONS = YES;
				CLANG_WARN_DIRECT_OBJC_ISA_USAGE = YES_ERROR;
				CLANG_WARN_DOCUMENTATION_COMMENTS = YES;
				CLANG_WARN_EMPTY_BODY = YES;
				CLANG_WARN_ENUM_CONVERSION = YES;
				CLANG_WARN_INFINITE_RECURSION = YES;
				CLANG_WARN_INT_CONVERSION = YES;
				CLANG_WARN_NON_LITERAL_NULL_CONVERSION = YES;
				CLANG_WARN_OBJC_IMPLICIT_RETAIN_SELF = YES;
				CLANG_WARN_OBJC_LITERAL_CONVERSION = YES;
				CLANG_WARN_OBJC_ROOT_CLASS = YES_ERROR;
				CLANG_WARN_RANGE_LOOP_ANALYSIS = YES;
				CLANG_WARN_STRICT_PROTOTYPES = YES;
				CLANG_WARN_SUSPICIOUS_MOVE = YES;
				CLANG_WARN_UNGUARDED_AVAILABILITY = YES_AGGRESSIVE;
				CLANG_WARN_UNREACHABLE_CODE = YES;
				CLANG_WARN__DUPLICATE_METHOD_MATCH = YES;
				CODE_SIGN_IDENTITY = "iPhone Developer";
				COPY_PHASE_STRIP = NO;
				DEBUG_INFORMATION_FORMAT = "dwarf-with-dsym";
				ENABLE_NS_ASSERTIONS = NO;
				ENABLE_STRICT_OBJC_MSGSEND = YES;
				GCC_C_LANGUAGE_STANDARD = gnu11;
				GCC_NO_COMMON_BLOCKS = YES;
				GCC_WARN_64_TO_32_BIT_CONVERSION = YES;
				GCC_WARN_ABOUT_RETURN_TYPE = YES_ERROR;
				GCC_WARN_UNDECLARED_SELECTOR = YES;
				GCC_WARN_UNINITIALIZED_AUTOS = YES_AGGRESSIVE;
				GCC_WARN_UNUSED_FUNCTION = YES;
				GCC_WARN_UNUSED_VARIABLE = YES;
				IPHONEOS_DEPLOYMENT_TARGET = 12.0;
				MTL_ENABLE_DEBUG_INFO = NO;
				MTL_FAST_MATH = YES;
				SDKROOT = iphoneos;
				SWIFT_COMPILATION_MODE = wholemodule;
				SWIFT_OPTIMIZATION_LEVEL = "-O";
				VALIDATE_PRODUCT = YES;
			};
			name = Release;
		};
		1CA911D2216BCFC600716C0E /* Debug */ = {
			isa = XCBuildConfiguration;
			baseConfigurationReference = B4D837B8C41B70C32858D235 /* Pods-Munchies.debug.xcconfig */;
			buildSettings = {
				ASSETCATALOG_COMPILER_APPICON_NAME = AppIcon;
				CLANG_ENABLE_MODULES = YES;
				CODE_SIGN_ENTITLEMENTS = Munchies/Munchies.entitlements;
				CODE_SIGN_IDENTITY = "iPhone Developer";
				CODE_SIGN_STYLE = Automatic;
				DEVELOPMENT_TEAM = 7AU78NCJUV;
				INFOPLIST_FILE = "$(SRCROOT)/Munchies/Resources/Info.plist";
				LD_RUNPATH_SEARCH_PATHS = (
					"$(inherited)",
					"@executable_path/Frameworks",
				);
				PRODUCT_BUNDLE_IDENTIFIER = com.QuintenSmith.Munchies;
				PRODUCT_NAME = "$(TARGET_NAME)";
				PROVISIONING_PROFILE_SPECIFIER = "";
				SWIFT_OBJC_BRIDGING_HEADER = "Munchies/ViewControllers/Munchies-Bridging-Header.h";
				SWIFT_OPTIMIZATION_LEVEL = "-Onone";
				SWIFT_VERSION = 4.2;
				TARGETED_DEVICE_FAMILY = 1;
			};
			name = Debug;
		};
		1CA911D3216BCFC600716C0E /* Release */ = {
			isa = XCBuildConfiguration;
			baseConfigurationReference = 4E773FB588C06C9E4195E527 /* Pods-Munchies.release.xcconfig */;
			buildSettings = {
				ASSETCATALOG_COMPILER_APPICON_NAME = AppIcon;
				CLANG_ENABLE_MODULES = YES;
				CODE_SIGN_ENTITLEMENTS = Munchies/Munchies.entitlements;
				CODE_SIGN_IDENTITY = "iPhone Developer";
				CODE_SIGN_STYLE = Automatic;
				DEVELOPMENT_TEAM = 7AU78NCJUV;
				INFOPLIST_FILE = "$(SRCROOT)/Munchies/Resources/Info.plist";
				LD_RUNPATH_SEARCH_PATHS = (
					"$(inherited)",
					"@executable_path/Frameworks",
				);
				PRODUCT_BUNDLE_IDENTIFIER = com.QuintenSmith.Munchies;
				PRODUCT_NAME = "$(TARGET_NAME)";
				PROVISIONING_PROFILE_SPECIFIER = "";
				SWIFT_OBJC_BRIDGING_HEADER = "Munchies/ViewControllers/Munchies-Bridging-Header.h";
				SWIFT_VERSION = 4.2;
				TARGETED_DEVICE_FAMILY = 1;
			};
			name = Release;
		};
/* End XCBuildConfiguration section */

/* Begin XCConfigurationList section */
		1CA911BA216BCFC500716C0E /* Build configuration list for PBXProject "Munchies" */ = {
			isa = XCConfigurationList;
			buildConfigurations = (
				1CA911CF216BCFC600716C0E /* Debug */,
				1CA911D0216BCFC600716C0E /* Release */,
			);
			defaultConfigurationIsVisible = 0;
			defaultConfigurationName = Release;
		};
		1CA911D1216BCFC600716C0E /* Build configuration list for PBXNativeTarget "Munchies" */ = {
			isa = XCConfigurationList;
			buildConfigurations = (
				1CA911D2216BCFC600716C0E /* Debug */,
				1CA911D3216BCFC600716C0E /* Release */,
			);
			defaultConfigurationIsVisible = 0;
			defaultConfigurationName = Release;
		};
/* End XCConfigurationList section */
	};
	rootObject = 1CA911B7216BCFC500716C0E /* Project object */;
}
